// !$*UTF8*$!
{
	archiveVersion = 1;
	classes = {
	};
	objectVersion = 48;
	objects = {

/* Begin PBXBuildFile section */
		15110BC31FBB0646005411BE /* LoginCell.swift in Sources */ = {isa = PBXBuildFile; fileRef = 15110BC11FBB0646005411BE /* LoginCell.swift */; };
		15110BC41FBB0646005411BE /* LoginCell.xib in Resources */ = {isa = PBXBuildFile; fileRef = 15110BC21FBB0646005411BE /* LoginCell.xib */; };
		15150A181FA735AA00448B3A /* PersonalInfoVC.swift in Sources */ = {isa = PBXBuildFile; fileRef = 15150A161FA735AA00448B3A /* PersonalInfoVC.swift */; };
		15150A191FA735AA00448B3A /* PersonalInfoVC.xib in Resources */ = {isa = PBXBuildFile; fileRef = 15150A171FA735AA00448B3A /* PersonalInfoVC.xib */; };
		1517E15F1FB9BE1E008DA5B8 /* LoginVC.swift in Sources */ = {isa = PBXBuildFile; fileRef = 1517E15D1FB9BE1E008DA5B8 /* LoginVC.swift */; };
		1517E1601FB9BE1E008DA5B8 /* LoginVC.xib in Resources */ = {isa = PBXBuildFile; fileRef = 1517E15E1FB9BE1E008DA5B8 /* LoginVC.xib */; };
		1521698D203D904600F82680 /* MyTracksVC.swift in Sources */ = {isa = PBXBuildFile; fileRef = 1521698B203D904600F82680 /* MyTracksVC.swift */; };
		1521698E203D904600F82680 /* MyTracksVC.xib in Resources */ = {isa = PBXBuildFile; fileRef = 1521698C203D904600F82680 /* MyTracksVC.xib */; };
		15216991203D915800F82680 /* MyTracksTVExt.swift in Sources */ = {isa = PBXBuildFile; fileRef = 15216990203D915800F82680 /* MyTracksTVExt.swift */; };
		15216994203D920600F82680 /* MyTracksListCell.swift in Sources */ = {isa = PBXBuildFile; fileRef = 15216992203D920600F82680 /* MyTracksListCell.swift */; };
		15216995203D920600F82680 /* MyTracksListCell.xib in Resources */ = {isa = PBXBuildFile; fileRef = 15216993203D920600F82680 /* MyTracksListCell.xib */; };
		1521699B203D94B600F82680 /* PlaceholderCell.swift in Sources */ = {isa = PBXBuildFile; fileRef = 15216999203D94B600F82680 /* PlaceholderCell.swift */; };
		1521699C203D94B600F82680 /* PlaceholderCell.xib in Resources */ = {isa = PBXBuildFile; fileRef = 1521699A203D94B600F82680 /* PlaceholderCell.xib */; };
		152169A0203DA13F00F82680 /* SearchTracksVC.swift in Sources */ = {isa = PBXBuildFile; fileRef = 1521699E203DA13F00F82680 /* SearchTracksVC.swift */; };
		152169A1203DA13F00F82680 /* SearchTracksVC.xib in Resources */ = {isa = PBXBuildFile; fileRef = 1521699F203DA13F00F82680 /* SearchTracksVC.xib */; };
		152169A4203DA46600F82680 /* SearchTracksExtension.swift in Sources */ = {isa = PBXBuildFile; fileRef = 152169A3203DA46600F82680 /* SearchTracksExtension.swift */; };
		152169AC203DC44100F82680 /* SearchTracksCell.swift in Sources */ = {isa = PBXBuildFile; fileRef = 152169AA203DC44100F82680 /* SearchTracksCell.swift */; };
		152169AD203DC44100F82680 /* SearchTracksCell.xib in Resources */ = {isa = PBXBuildFile; fileRef = 152169AB203DC44100F82680 /* SearchTracksCell.xib */; };
		152169B0203DC68A00F82680 /* SearchTracksTVExt.swift in Sources */ = {isa = PBXBuildFile; fileRef = 152169AF203DC68A00F82680 /* SearchTracksTVExt.swift */; };
		1521D89D1F8BF40A00105C17 /* AppDelegate.swift in Sources */ = {isa = PBXBuildFile; fileRef = 1521D89C1F8BF40A00105C17 /* AppDelegate.swift */; };
		1521D8A41F8BF40A00105C17 /* Assets.xcassets in Resources */ = {isa = PBXBuildFile; fileRef = 1521D8A31F8BF40A00105C17 /* Assets.xcassets */; };
		1521D8A71F8BF40A00105C17 /* LaunchScreen.storyboard in Resources */ = {isa = PBXBuildFile; fileRef = 1521D8A51F8BF40A00105C17 /* LaunchScreen.storyboard */; };
		1521D8AF1F8BF47900105C17 /* AppController.swift in Sources */ = {isa = PBXBuildFile; fileRef = 1521D8AE1F8BF47900105C17 /* AppController.swift */; };
		1521D8B11F8BF4A800105C17 /* Constants.swift in Sources */ = {isa = PBXBuildFile; fileRef = 1521D8B01F8BF4A800105C17 /* Constants.swift */; };
		1523F638204154D700EAB734 /* FavoriteTrack.swift in Sources */ = {isa = PBXBuildFile; fileRef = 1523F637204154D700EAB734 /* FavoriteTrack.swift */; };
		15242B5E1FA8C9110027E18F /* UserAlert.swift in Sources */ = {isa = PBXBuildFile; fileRef = 15242B5D1FA8C9110027E18F /* UserAlert.swift */; };
		15248ED71FB06CC700EA0DD5 /* ActivityIndicatorManager.swift in Sources */ = {isa = PBXBuildFile; fileRef = 15248ED61FB06CC700EA0DD5 /* ActivityIndicatorManager.swift */; };
		15248EDA1FB0C6B000EA0DD5 /* AditionalInfoTVExt.swift in Sources */ = {isa = PBXBuildFile; fileRef = 15248ED91FB0C6B000EA0DD5 /* AditionalInfoTVExt.swift */; };
		15248EDD1FB0C72100EA0DD5 /* AditionalInfoCell.swift in Sources */ = {isa = PBXBuildFile; fileRef = 15248EDB1FB0C72100EA0DD5 /* AditionalInfoCell.swift */; };
		15248EDE1FB0C72100EA0DD5 /* AditionalInfoCell.xib in Resources */ = {isa = PBXBuildFile; fileRef = 15248EDC1FB0C72100EA0DD5 /* AditionalInfoCell.xib */; };
		1526A3051FAA615E00346F4F /* MapKit.framework in Frameworks */ = {isa = PBXBuildFile; fileRef = 1526A3041FAA615E00346F4F /* MapKit.framework */; };
		1526A3081FAB971600346F4F /* AdminVC.swift in Sources */ = {isa = PBXBuildFile; fileRef = 1526A3061FAB971500346F4F /* AdminVC.swift */; };
		1526A3091FAB971600346F4F /* AdminVC.xib in Resources */ = {isa = PBXBuildFile; fileRef = 1526A3071FAB971500346F4F /* AdminVC.xib */; };
		152D23241FA3700C0032F789 /* EmailRegistrationCell.swift in Sources */ = {isa = PBXBuildFile; fileRef = 152D23221FA3700C0032F789 /* EmailRegistrationCell.swift */; };
		152D23251FA3700C0032F789 /* EmailRegistrationCell.xib in Resources */ = {isa = PBXBuildFile; fileRef = 152D23231FA3700C0032F789 /* EmailRegistrationCell.xib */; };
		152D23291FA3722C0032F789 /* NibLoadable.swift in Sources */ = {isa = PBXBuildFile; fileRef = 152D23281FA3722C0032F789 /* NibLoadable.swift */; };
		152D232B1FA3727C0032F789 /* ReusableView.swift in Sources */ = {isa = PBXBuildFile; fileRef = 152D232A1FA3727C0032F789 /* ReusableView.swift */; };
		152D232D1FA372E50032F789 /* TableViewExt.swift in Sources */ = {isa = PBXBuildFile; fileRef = 152D232C1FA372E50032F789 /* TableViewExt.swift */; };
		152D232F1FA374F60032F789 /* EmailRegTVExtension.swift in Sources */ = {isa = PBXBuildFile; fileRef = 152D232E1FA374F60032F789 /* EmailRegTVExtension.swift */; };
		1541F2A41F9B83090078B2FB /* Default-568h@2x.png in Resources */ = {isa = PBXBuildFile; fileRef = 1541F2A31F9B83090078B2FB /* Default-568h@2x.png */; };
		1541F2A61F9B85290078B2FB /* FirebaseManager.swift in Sources */ = {isa = PBXBuildFile; fileRef = 1541F2A51F9B85290078B2FB /* FirebaseManager.swift */; };
		154B96B81FA3AC7700FF71E2 /* LogoCell.swift in Sources */ = {isa = PBXBuildFile; fileRef = 154B96B61FA3AC7700FF71E2 /* LogoCell.swift */; };
		154B96B91FA3AC7700FF71E2 /* LogoCell.xib in Resources */ = {isa = PBXBuildFile; fileRef = 154B96B71FA3AC7700FF71E2 /* LogoCell.xib */; };
		154C71BB1F8E86F300EBAFFF /* RestAPIManager.swift in Sources */ = {isa = PBXBuildFile; fileRef = 154C71BA1F8E86F300EBAFFF /* RestAPIManager.swift */; };
		154C71BD1F8E955200EBAFFF /* User.swift in Sources */ = {isa = PBXBuildFile; fileRef = 154C71BC1F8E955200EBAFFF /* User.swift */; };
		1565C0521FA7360B00A95B46 /* PersonalInfoTVExt.swift in Sources */ = {isa = PBXBuildFile; fileRef = 1565C0511FA7360B00A95B46 /* PersonalInfoTVExt.swift */; };
		1565C0551FA7366600A95B46 /* PersonalInfoCell.swift in Sources */ = {isa = PBXBuildFile; fileRef = 1565C0531FA7366600A95B46 /* PersonalInfoCell.swift */; };
		1565C0561FA7366600A95B46 /* PersonalInfoCell.xib in Resources */ = {isa = PBXBuildFile; fileRef = 1565C0541FA7366600A95B46 /* PersonalInfoCell.xib */; };
		1568C5171F8BF5610018D52B /* WelcomeVC.swift in Sources */ = {isa = PBXBuildFile; fileRef = 1568C5151F8BF5610018D52B /* WelcomeVC.swift */; };
		1568C5181F8BF5610018D52B /* WelcomeVC.xib in Resources */ = {isa = PBXBuildFile; fileRef = 1568C5161F8BF5610018D52B /* WelcomeVC.xib */; };
		156C48A31FBAF9EF00D8B666 /* LoginTVExt.swift in Sources */ = {isa = PBXBuildFile; fileRef = 156C48A21FBAF9EF00D8B666 /* LoginTVExt.swift */; };
		156E10321FAF3CEE008F2C40 /* CameraExtension.swift in Sources */ = {isa = PBXBuildFile; fileRef = 156E10311FAF3CEE008F2C40 /* CameraExtension.swift */; };
		156E10351FAF43F8008F2C40 /* TrackImageCell.swift in Sources */ = {isa = PBXBuildFile; fileRef = 156E10331FAF43F8008F2C40 /* TrackImageCell.swift */; };
		156E10361FAF43F8008F2C40 /* TrackImageCell.xib in Resources */ = {isa = PBXBuildFile; fileRef = 156E10341FAF43F8008F2C40 /* TrackImageCell.xib */; };
		156F20DA1F9B7D7B007FEE27 /* Beautifier.swift in Sources */ = {isa = PBXBuildFile; fileRef = 156F20D91F9B7D7B007FEE27 /* Beautifier.swift */; };
		1584F92C1FB22CB400FD78B5 /* AllTracksVC.swift in Sources */ = {isa = PBXBuildFile; fileRef = 1584F92A1FB22CB400FD78B5 /* AllTracksVC.swift */; };
		1584F92D1FB22CB400FD78B5 /* AllTracksVC.xib in Resources */ = {isa = PBXBuildFile; fileRef = 1584F92B1FB22CB400FD78B5 /* AllTracksVC.xib */; };
		1584F9311FB2474A00FD78B5 /* TrackListCell.swift in Sources */ = {isa = PBXBuildFile; fileRef = 1584F92F1FB2474A00FD78B5 /* TrackListCell.swift */; };
		1584F9321FB2474A00FD78B5 /* TrackListCell.xib in Resources */ = {isa = PBXBuildFile; fileRef = 1584F9301FB2474A00FD78B5 /* TrackListCell.xib */; };
		1584F9351FB24A2A00FD78B5 /* AllTracksTVExt.swift in Sources */ = {isa = PBXBuildFile; fileRef = 1584F9341FB24A2A00FD78B5 /* AllTracksTVExt.swift */; };
		1584F9381FB30E5C00FD78B5 /* RiderProfileVC.swift in Sources */ = {isa = PBXBuildFile; fileRef = 1584F9361FB30E5C00FD78B5 /* RiderProfileVC.swift */; };
		1584F9391FB30E5C00FD78B5 /* RiderProfileVC.xib in Resources */ = {isa = PBXBuildFile; fileRef = 1584F9371FB30E5C00FD78B5 /* RiderProfileVC.xib */; };
		15974571202A05EB006456C9 /* GoogleService-Info.plist in Resources */ = {isa = PBXBuildFile; fileRef = 15974570202A05EB006456C9 /* GoogleService-Info.plist */; };
		159EF6A31FB610E500B1C0EE /* NotificationService.swift in Sources */ = {isa = PBXBuildFile; fileRef = 159EF6A21FB610E500B1C0EE /* NotificationService.swift */; };
		159EF6A71FB610E500B1C0EE /* OneSignalNotificationServiceExtension.appex in Embed App Extensions */ = {isa = PBXBuildFile; fileRef = 159EF6A01FB610E500B1C0EE /* OneSignalNotificationServiceExtension.appex */; settings = {ATTRIBUTES = (RemoveHeadersOnCopy, ); }; };
		15A7AECD1F8E64FA00ABBFA6 /* Shackable.swift in Sources */ = {isa = PBXBuildFile; fileRef = 15A7AECC1F8E64FA00ABBFA6 /* Shackable.swift */; };
		15A7AED21F8E75D800ABBFA6 /* Rotatable.swift in Sources */ = {isa = PBXBuildFile; fileRef = 15A7AED11F8E75D800ABBFA6 /* Rotatable.swift */; };
		15A934A61FBC56C00020F05C /* LoginHeaderCell.swift in Sources */ = {isa = PBXBuildFile; fileRef = 15A934A41FBC56C00020F05C /* LoginHeaderCell.swift */; };
		15A934A71FBC56C00020F05C /* LoginHeaderCell.xib in Resources */ = {isa = PBXBuildFile; fileRef = 15A934A51FBC56C00020F05C /* LoginHeaderCell.xib */; };
		15A9FAF1202DDEE1001E05BD /* Post.swift in Sources */ = {isa = PBXBuildFile; fileRef = 15A9FAF0202DDEE1001E05BD /* Post.swift */; };
		15BDBE8A1FA0DC6600298E51 /* Utils.swift in Sources */ = {isa = PBXBuildFile; fileRef = 15BDBE891FA0DC6600298E51 /* Utils.swift */; };
		15BDBE8F1FA0EF0E00298E51 /* EmailRegistrationVC.swift in Sources */ = {isa = PBXBuildFile; fileRef = 15BDBE8D1FA0EF0E00298E51 /* EmailRegistrationVC.swift */; };
		15BDBE901FA0EF0E00298E51 /* EmailRegistrationVC.xib in Resources */ = {isa = PBXBuildFile; fileRef = 15BDBE8E1FA0EF0E00298E51 /* EmailRegistrationVC.xib */; };
		15BDBE931FA0F1D900298E51 /* TextFieldExtension.swift in Sources */ = {isa = PBXBuildFile; fileRef = 15BDBE921FA0F1D900298E51 /* TextFieldExtension.swift */; };
		15C7B3A91FA744FA001B1A8E /* InfoLogoCell.swift in Sources */ = {isa = PBXBuildFile; fileRef = 15C7B3A71FA744FA001B1A8E /* InfoLogoCell.swift */; };
		15C7B3AA1FA744FA001B1A8E /* InfoLogoCell.xib in Resources */ = {isa = PBXBuildFile; fileRef = 15C7B3A81FA744FA001B1A8E /* InfoLogoCell.xib */; };
		15C7B3AE1FA75000001B1A8E /* AditionalInfoVC.swift in Sources */ = {isa = PBXBuildFile; fileRef = 15C7B3AC1FA75000001B1A8E /* AditionalInfoVC.swift */; };
		15C7B3AF1FA75000001B1A8E /* AditionalInfoVC.xib in Resources */ = {isa = PBXBuildFile; fileRef = 15C7B3AD1FA75000001B1A8E /* AditionalInfoVC.xib */; };
		15D108BD1F8E7BC400043F02 /* RegisterVC.swift in Sources */ = {isa = PBXBuildFile; fileRef = 15D108BB1F8E7BC400043F02 /* RegisterVC.swift */; };
		15D108BE1F8E7BC400043F02 /* RegisterVC.xib in Resources */ = {isa = PBXBuildFile; fileRef = 15D108BC1F8E7BC400043F02 /* RegisterVC.xib */; };
		15D91DFE20308C00008FDF17 /* PostsFeedVC.swift in Sources */ = {isa = PBXBuildFile; fileRef = 15D91DFC20308C00008FDF17 /* PostsFeedVC.swift */; };
		15D91DFF20308C00008FDF17 /* PostsFeedVC.xib in Resources */ = {isa = PBXBuildFile; fileRef = 15D91DFD20308C00008FDF17 /* PostsFeedVC.xib */; };
		15D91E0220308D3C008FDF17 /* PostsFeedTVExt.swift in Sources */ = {isa = PBXBuildFile; fileRef = 15D91E0120308D3C008FDF17 /* PostsFeedTVExt.swift */; };
		15D91E0520308DBD008FDF17 /* PostCell.swift in Sources */ = {isa = PBXBuildFile; fileRef = 15D91E0320308DBD008FDF17 /* PostCell.swift */; };
		15D91E0620308DBD008FDF17 /* PostCell.xib in Resources */ = {isa = PBXBuildFile; fileRef = 15D91E0420308DBD008FDF17 /* PostCell.xib */; };
		15E65C29203AED870019DA91 /* OwnerTracksVC.swift in Sources */ = {isa = PBXBuildFile; fileRef = 15E65C27203AED870019DA91 /* OwnerTracksVC.swift */; };
		15E65C2A203AED870019DA91 /* OwnerTracksVC.xib in Resources */ = {isa = PBXBuildFile; fileRef = 15E65C28203AED870019DA91 /* OwnerTracksVC.xib */; };
		15E65C2D203AF3A30019DA91 /* OwnerTracksTVExt.swift in Sources */ = {isa = PBXBuildFile; fileRef = 15E65C2C203AF3A30019DA91 /* OwnerTracksTVExt.swift */; };
		15E65C30203AF3F60019DA91 /* OwnerTrackListCell.swift in Sources */ = {isa = PBXBuildFile; fileRef = 15E65C2E203AF3F60019DA91 /* OwnerTrackListCell.swift */; };
		15E65C31203AF3F60019DA91 /* OwnerTrackListCell.xib in Resources */ = {isa = PBXBuildFile; fileRef = 15E65C2F203AF3F60019DA91 /* OwnerTrackListCell.xib */; };
		15E65C35203B086D0019DA91 /* OwnerTrackDetails.swift in Sources */ = {isa = PBXBuildFile; fileRef = 15E65C33203B086D0019DA91 /* OwnerTrackDetails.swift */; };
		15E65C36203B086D0019DA91 /* OwnerTrackDetails.xib in Resources */ = {isa = PBXBuildFile; fileRef = 15E65C34203B086D0019DA91 /* OwnerTrackDetails.xib */; };
		15E65C3A203B10170019DA91 /* TrackDetailsImageCell.swift in Sources */ = {isa = PBXBuildFile; fileRef = 15E65C38203B10170019DA91 /* TrackDetailsImageCell.swift */; };
		15E65C3B203B10170019DA91 /* TrackDetailsImageCell.xib in Resources */ = {isa = PBXBuildFile; fileRef = 15E65C39203B10170019DA91 /* TrackDetailsImageCell.xib */; };
		15E65C3E203B131F0019DA91 /* TrackDetailsTVExt.swift in Sources */ = {isa = PBXBuildFile; fileRef = 15E65C3D203B131F0019DA91 /* TrackDetailsTVExt.swift */; };
		15E65C41203B18270019DA91 /* TrackDetailsAddPostCell.swift in Sources */ = {isa = PBXBuildFile; fileRef = 15E65C3F203B18270019DA91 /* TrackDetailsAddPostCell.swift */; };
		15E65C42203B18270019DA91 /* TrackDetailsAddPostCell.xib in Resources */ = {isa = PBXBuildFile; fileRef = 15E65C40203B18270019DA91 /* TrackDetailsAddPostCell.xib */; };
		15EEF3771FA615F200E75A4F /* RegistrationPresenter.swift in Sources */ = {isa = PBXBuildFile; fileRef = 15EEF3761FA615F200E75A4F /* RegistrationPresenter.swift */; };
		15F4951C1FA8F1FB0021340E /* LocationManager.swift in Sources */ = {isa = PBXBuildFile; fileRef = 15F4951B1FA8F1FB0021340E /* LocationManager.swift */; };
		15F78EA51FAA3E0000241AB0 /* AddTracksVC.swift in Sources */ = {isa = PBXBuildFile; fileRef = 15F78EA31FAA3E0000241AB0 /* AddTracksVC.swift */; };
		15F78EA61FAA3E0000241AB0 /* AddTracksVC.xib in Resources */ = {isa = PBXBuildFile; fileRef = 15F78EA41FAA3E0000241AB0 /* AddTracksVC.xib */; };
		15F78EAA1FAA4A6900241AB0 /* AddTrackTitleCell.swift in Sources */ = {isa = PBXBuildFile; fileRef = 15F78EA81FAA4A6900241AB0 /* AddTrackTitleCell.swift */; };
		15F78EAB1FAA4A6900241AB0 /* AddTrackTitleCell.xib in Resources */ = {isa = PBXBuildFile; fileRef = 15F78EA91FAA4A6900241AB0 /* AddTrackTitleCell.xib */; };
		15F78EAF1FAA4AE800241AB0 /* AddTrackFieldsCell.swift in Sources */ = {isa = PBXBuildFile; fileRef = 15F78EAD1FAA4AE800241AB0 /* AddTrackFieldsCell.swift */; };
		15F78EB01FAA4AE800241AB0 /* AddTrackFieldsCell.xib in Resources */ = {isa = PBXBuildFile; fileRef = 15F78EAE1FAA4AE800241AB0 /* AddTrackFieldsCell.xib */; };
		15F78EB31FAA4C5800241AB0 /* Track.swift in Sources */ = {isa = PBXBuildFile; fileRef = 15F78EB21FAA4C5800241AB0 /* Track.swift */; };
		15F78EB51FAA513500241AB0 /* AddTracksTVExt.swift in Sources */ = {isa = PBXBuildFile; fileRef = 15F78EB41FAA513500241AB0 /* AddTracksTVExt.swift */; };
		15F78EB81FAA570800241AB0 /* LocateTrackVC.swift in Sources */ = {isa = PBXBuildFile; fileRef = 15F78EB61FAA570800241AB0 /* LocateTrackVC.swift */; };
		15F78EB91FAA570800241AB0 /* LocateTrackVC.xib in Resources */ = {isa = PBXBuildFile; fileRef = 15F78EB71FAA570800241AB0 /* LocateTrackVC.xib */; };
		15FFB7FD2035E93300BEF10C /* PostLike.swift in Sources */ = {isa = PBXBuildFile; fileRef = 15FFB7FC2035E93300BEF10C /* PostLike.swift */; };
		4BEC3CBE51EC2356CA33964A /* Pods_OneSignalNotificationServiceExtension.framework in Frameworks */ = {isa = PBXBuildFile; fileRef = 4EFECA23FD8E5F95B4E6E358 /* Pods_OneSignalNotificationServiceExtension.framework */; };
		8536CF6BB2FD32E3785B2F00 /* Pods_GoMoto.framework in Frameworks */ = {isa = PBXBuildFile; fileRef = 79CC1A0941DA41243E3E5FC9 /* Pods_GoMoto.framework */; };
/* End PBXBuildFile section */

/* Begin PBXContainerItemProxy section */
		159EF6A51FB610E500B1C0EE /* PBXContainerItemProxy */ = {
			isa = PBXContainerItemProxy;
			containerPortal = 1521D8911F8BF40A00105C17 /* Project object */;
			proxyType = 1;
			remoteGlobalIDString = 159EF69F1FB610E500B1C0EE;
			remoteInfo = OneSignalNotificationServiceExtension;
		};
/* End PBXContainerItemProxy section */

/* Begin PBXCopyFilesBuildPhase section */
		159EF6AB1FB610E500B1C0EE /* Embed App Extensions */ = {
			isa = PBXCopyFilesBuildPhase;
			buildActionMask = 2147483647;
			dstPath = "";
			dstSubfolderSpec = 13;
			files = (
				159EF6A71FB610E500B1C0EE /* OneSignalNotificationServiceExtension.appex in Embed App Extensions */,
			);
			name = "Embed App Extensions";
			runOnlyForDeploymentPostprocessing = 0;
		};
/* End PBXCopyFilesBuildPhase section */

/* Begin PBXFileReference section */
		027145BEC1BBF8B3984037AB /* Pods-OneSignalNotificationServiceExtension.debug.xcconfig */ = {isa = PBXFileReference; includeInIndex = 1; lastKnownFileType = text.xcconfig; name = "Pods-OneSignalNotificationServiceExtension.debug.xcconfig"; path = "Pods/Target Support Files/Pods-OneSignalNotificationServiceExtension/Pods-OneSignalNotificationServiceExtension.debug.xcconfig"; sourceTree = "<group>"; };
		15110BC11FBB0646005411BE /* LoginCell.swift */ = {isa = PBXFileReference; lastKnownFileType = sourcecode.swift; path = LoginCell.swift; sourceTree = "<group>"; };
		15110BC21FBB0646005411BE /* LoginCell.xib */ = {isa = PBXFileReference; lastKnownFileType = file.xib; path = LoginCell.xib; sourceTree = "<group>"; };
		15150A161FA735AA00448B3A /* PersonalInfoVC.swift */ = {isa = PBXFileReference; lastKnownFileType = sourcecode.swift; path = PersonalInfoVC.swift; sourceTree = "<group>"; };
		15150A171FA735AA00448B3A /* PersonalInfoVC.xib */ = {isa = PBXFileReference; lastKnownFileType = file.xib; path = PersonalInfoVC.xib; sourceTree = "<group>"; };
		1517E15D1FB9BE1E008DA5B8 /* LoginVC.swift */ = {isa = PBXFileReference; lastKnownFileType = sourcecode.swift; path = LoginVC.swift; sourceTree = "<group>"; };
		1517E15E1FB9BE1E008DA5B8 /* LoginVC.xib */ = {isa = PBXFileReference; lastKnownFileType = file.xib; path = LoginVC.xib; sourceTree = "<group>"; };
		1521698B203D904600F82680 /* MyTracksVC.swift */ = {isa = PBXFileReference; lastKnownFileType = sourcecode.swift; path = MyTracksVC.swift; sourceTree = "<group>"; };
		1521698C203D904600F82680 /* MyTracksVC.xib */ = {isa = PBXFileReference; lastKnownFileType = file.xib; path = MyTracksVC.xib; sourceTree = "<group>"; };
		15216990203D915800F82680 /* MyTracksTVExt.swift */ = {isa = PBXFileReference; lastKnownFileType = sourcecode.swift; path = MyTracksTVExt.swift; sourceTree = "<group>"; };
		15216992203D920600F82680 /* MyTracksListCell.swift */ = {isa = PBXFileReference; lastKnownFileType = sourcecode.swift; path = MyTracksListCell.swift; sourceTree = "<group>"; };
		15216993203D920600F82680 /* MyTracksListCell.xib */ = {isa = PBXFileReference; lastKnownFileType = file.xib; path = MyTracksListCell.xib; sourceTree = "<group>"; };
		15216999203D94B600F82680 /* PlaceholderCell.swift */ = {isa = PBXFileReference; lastKnownFileType = sourcecode.swift; path = PlaceholderCell.swift; sourceTree = "<group>"; };
		1521699A203D94B600F82680 /* PlaceholderCell.xib */ = {isa = PBXFileReference; lastKnownFileType = file.xib; path = PlaceholderCell.xib; sourceTree = "<group>"; };
		1521699E203DA13F00F82680 /* SearchTracksVC.swift */ = {isa = PBXFileReference; lastKnownFileType = sourcecode.swift; path = SearchTracksVC.swift; sourceTree = "<group>"; };
		1521699F203DA13F00F82680 /* SearchTracksVC.xib */ = {isa = PBXFileReference; lastKnownFileType = file.xib; path = SearchTracksVC.xib; sourceTree = "<group>"; };
		152169A3203DA46600F82680 /* SearchTracksExtension.swift */ = {isa = PBXFileReference; lastKnownFileType = sourcecode.swift; path = SearchTracksExtension.swift; sourceTree = "<group>"; };
		152169AA203DC44100F82680 /* SearchTracksCell.swift */ = {isa = PBXFileReference; lastKnownFileType = sourcecode.swift; path = SearchTracksCell.swift; sourceTree = "<group>"; };
		152169AB203DC44100F82680 /* SearchTracksCell.xib */ = {isa = PBXFileReference; lastKnownFileType = file.xib; path = SearchTracksCell.xib; sourceTree = "<group>"; };
		152169AF203DC68A00F82680 /* SearchTracksTVExt.swift */ = {isa = PBXFileReference; lastKnownFileType = sourcecode.swift; path = SearchTracksTVExt.swift; sourceTree = "<group>"; };
		1521D8991F8BF40A00105C17 /* GoMoto.app */ = {isa = PBXFileReference; explicitFileType = wrapper.application; includeInIndex = 0; path = GoMoto.app; sourceTree = BUILT_PRODUCTS_DIR; };
		1521D89C1F8BF40A00105C17 /* AppDelegate.swift */ = {isa = PBXFileReference; lastKnownFileType = sourcecode.swift; path = AppDelegate.swift; sourceTree = "<group>"; };
		1521D8A31F8BF40A00105C17 /* Assets.xcassets */ = {isa = PBXFileReference; lastKnownFileType = folder.assetcatalog; path = Assets.xcassets; sourceTree = "<group>"; };
		1521D8A61F8BF40A00105C17 /* Base */ = {isa = PBXFileReference; lastKnownFileType = file.storyboard; name = Base; path = Base.lproj/LaunchScreen.storyboard; sourceTree = "<group>"; };
		1521D8A81F8BF40A00105C17 /* Info.plist */ = {isa = PBXFileReference; lastKnownFileType = text.plist.xml; path = Info.plist; sourceTree = "<group>"; };
		1521D8AE1F8BF47900105C17 /* AppController.swift */ = {isa = PBXFileReference; lastKnownFileType = sourcecode.swift; path = AppController.swift; sourceTree = "<group>"; };
		1521D8B01F8BF4A800105C17 /* Constants.swift */ = {isa = PBXFileReference; lastKnownFileType = sourcecode.swift; path = Constants.swift; sourceTree = "<group>"; };
		1523F637204154D700EAB734 /* FavoriteTrack.swift */ = {isa = PBXFileReference; lastKnownFileType = sourcecode.swift; path = FavoriteTrack.swift; sourceTree = "<group>"; };
		15242B5D1FA8C9110027E18F /* UserAlert.swift */ = {isa = PBXFileReference; lastKnownFileType = sourcecode.swift; path = UserAlert.swift; sourceTree = "<group>"; };
		15248ED61FB06CC700EA0DD5 /* ActivityIndicatorManager.swift */ = {isa = PBXFileReference; lastKnownFileType = sourcecode.swift; path = ActivityIndicatorManager.swift; sourceTree = "<group>"; };
		15248ED91FB0C6B000EA0DD5 /* AditionalInfoTVExt.swift */ = {isa = PBXFileReference; lastKnownFileType = sourcecode.swift; path = AditionalInfoTVExt.swift; sourceTree = "<group>"; };
		15248EDB1FB0C72100EA0DD5 /* AditionalInfoCell.swift */ = {isa = PBXFileReference; lastKnownFileType = sourcecode.swift; path = AditionalInfoCell.swift; sourceTree = "<group>"; };
		15248EDC1FB0C72100EA0DD5 /* AditionalInfoCell.xib */ = {isa = PBXFileReference; lastKnownFileType = file.xib; path = AditionalInfoCell.xib; sourceTree = "<group>"; };
		1526A3041FAA615E00346F4F /* MapKit.framework */ = {isa = PBXFileReference; lastKnownFileType = wrapper.framework; name = MapKit.framework; path = System/Library/Frameworks/MapKit.framework; sourceTree = SDKROOT; };
		1526A3061FAB971500346F4F /* AdminVC.swift */ = {isa = PBXFileReference; lastKnownFileType = sourcecode.swift; path = AdminVC.swift; sourceTree = "<group>"; };
		1526A3071FAB971500346F4F /* AdminVC.xib */ = {isa = PBXFileReference; lastKnownFileType = file.xib; path = AdminVC.xib; sourceTree = "<group>"; };
		152D23221FA3700C0032F789 /* EmailRegistrationCell.swift */ = {isa = PBXFileReference; lastKnownFileType = sourcecode.swift; path = EmailRegistrationCell.swift; sourceTree = "<group>"; };
		152D23231FA3700C0032F789 /* EmailRegistrationCell.xib */ = {isa = PBXFileReference; lastKnownFileType = file.xib; path = EmailRegistrationCell.xib; sourceTree = "<group>"; };
		152D23281FA3722C0032F789 /* NibLoadable.swift */ = {isa = PBXFileReference; lastKnownFileType = sourcecode.swift; path = NibLoadable.swift; sourceTree = "<group>"; };
		152D232A1FA3727C0032F789 /* ReusableView.swift */ = {isa = PBXFileReference; lastKnownFileType = sourcecode.swift; path = ReusableView.swift; sourceTree = "<group>"; };
		152D232C1FA372E50032F789 /* TableViewExt.swift */ = {isa = PBXFileReference; lastKnownFileType = sourcecode.swift; path = TableViewExt.swift; sourceTree = "<group>"; };
		152D232E1FA374F60032F789 /* EmailRegTVExtension.swift */ = {isa = PBXFileReference; lastKnownFileType = sourcecode.swift; path = EmailRegTVExtension.swift; sourceTree = "<group>"; };
		1541F2A31F9B83090078B2FB /* Default-568h@2x.png */ = {isa = PBXFileReference; lastKnownFileType = image.png; path = "Default-568h@2x.png"; sourceTree = "<group>"; };
		1541F2A51F9B85290078B2FB /* FirebaseManager.swift */ = {isa = PBXFileReference; lastKnownFileType = sourcecode.swift; path = FirebaseManager.swift; sourceTree = "<group>"; };
		154B96B61FA3AC7700FF71E2 /* LogoCell.swift */ = {isa = PBXFileReference; lastKnownFileType = sourcecode.swift; path = LogoCell.swift; sourceTree = "<group>"; };
		154B96B71FA3AC7700FF71E2 /* LogoCell.xib */ = {isa = PBXFileReference; lastKnownFileType = file.xib; path = LogoCell.xib; sourceTree = "<group>"; };
		154C71BA1F8E86F300EBAFFF /* RestAPIManager.swift */ = {isa = PBXFileReference; lastKnownFileType = sourcecode.swift; path = RestAPIManager.swift; sourceTree = "<group>"; };
		154C71BC1F8E955200EBAFFF /* User.swift */ = {isa = PBXFileReference; lastKnownFileType = sourcecode.swift; path = User.swift; sourceTree = "<group>"; };
		1565C0511FA7360B00A95B46 /* PersonalInfoTVExt.swift */ = {isa = PBXFileReference; lastKnownFileType = sourcecode.swift; path = PersonalInfoTVExt.swift; sourceTree = "<group>"; };
		1565C0531FA7366600A95B46 /* PersonalInfoCell.swift */ = {isa = PBXFileReference; lastKnownFileType = sourcecode.swift; path = PersonalInfoCell.swift; sourceTree = "<group>"; };
		1565C0541FA7366600A95B46 /* PersonalInfoCell.xib */ = {isa = PBXFileReference; lastKnownFileType = file.xib; path = PersonalInfoCell.xib; sourceTree = "<group>"; };
		1568C5151F8BF5610018D52B /* WelcomeVC.swift */ = {isa = PBXFileReference; lastKnownFileType = sourcecode.swift; path = WelcomeVC.swift; sourceTree = "<group>"; };
		1568C5161F8BF5610018D52B /* WelcomeVC.xib */ = {isa = PBXFileReference; lastKnownFileType = file.xib; path = WelcomeVC.xib; sourceTree = "<group>"; };
		156C48A21FBAF9EF00D8B666 /* LoginTVExt.swift */ = {isa = PBXFileReference; lastKnownFileType = sourcecode.swift; path = LoginTVExt.swift; sourceTree = "<group>"; };
		156E10311FAF3CEE008F2C40 /* CameraExtension.swift */ = {isa = PBXFileReference; lastKnownFileType = sourcecode.swift; path = CameraExtension.swift; sourceTree = "<group>"; };
		156E10331FAF43F8008F2C40 /* TrackImageCell.swift */ = {isa = PBXFileReference; lastKnownFileType = sourcecode.swift; path = TrackImageCell.swift; sourceTree = "<group>"; };
		156E10341FAF43F8008F2C40 /* TrackImageCell.xib */ = {isa = PBXFileReference; lastKnownFileType = file.xib; path = TrackImageCell.xib; sourceTree = "<group>"; };
		156F20D91F9B7D7B007FEE27 /* Beautifier.swift */ = {isa = PBXFileReference; lastKnownFileType = sourcecode.swift; path = Beautifier.swift; sourceTree = "<group>"; };
		157A97AC202A083D005F94D6 /* GoMoto.entitlements */ = {isa = PBXFileReference; lastKnownFileType = text.plist.entitlements; name = GoMoto.entitlements; path = GoMoto/GoMoto.entitlements; sourceTree = "<group>"; };
		1584F92A1FB22CB400FD78B5 /* AllTracksVC.swift */ = {isa = PBXFileReference; lastKnownFileType = sourcecode.swift; path = AllTracksVC.swift; sourceTree = "<group>"; };
		1584F92B1FB22CB400FD78B5 /* AllTracksVC.xib */ = {isa = PBXFileReference; lastKnownFileType = file.xib; path = AllTracksVC.xib; sourceTree = "<group>"; };
		1584F92F1FB2474A00FD78B5 /* TrackListCell.swift */ = {isa = PBXFileReference; lastKnownFileType = sourcecode.swift; path = TrackListCell.swift; sourceTree = "<group>"; };
		1584F9301FB2474A00FD78B5 /* TrackListCell.xib */ = {isa = PBXFileReference; lastKnownFileType = file.xib; path = TrackListCell.xib; sourceTree = "<group>"; };
		1584F9341FB24A2A00FD78B5 /* AllTracksTVExt.swift */ = {isa = PBXFileReference; lastKnownFileType = sourcecode.swift; path = AllTracksTVExt.swift; sourceTree = "<group>"; };
		1584F9361FB30E5C00FD78B5 /* RiderProfileVC.swift */ = {isa = PBXFileReference; lastKnownFileType = sourcecode.swift; path = RiderProfileVC.swift; sourceTree = "<group>"; };
		1584F9371FB30E5C00FD78B5 /* RiderProfileVC.xib */ = {isa = PBXFileReference; lastKnownFileType = file.xib; path = RiderProfileVC.xib; sourceTree = "<group>"; };
		15974570202A05EB006456C9 /* GoogleService-Info.plist */ = {isa = PBXFileReference; fileEncoding = 4; lastKnownFileType = text.plist.xml; path = "GoogleService-Info.plist"; sourceTree = "<group>"; };
		159EF6A01FB610E500B1C0EE /* OneSignalNotificationServiceExtension.appex */ = {isa = PBXFileReference; explicitFileType = "wrapper.app-extension"; includeInIndex = 0; path = OneSignalNotificationServiceExtension.appex; sourceTree = BUILT_PRODUCTS_DIR; };
		159EF6A21FB610E500B1C0EE /* NotificationService.swift */ = {isa = PBXFileReference; lastKnownFileType = sourcecode.swift; path = NotificationService.swift; sourceTree = "<group>"; };
		159EF6A41FB610E500B1C0EE /* Info.plist */ = {isa = PBXFileReference; lastKnownFileType = text.plist.xml; path = Info.plist; sourceTree = "<group>"; };
		15A7AECC1F8E64FA00ABBFA6 /* Shackable.swift */ = {isa = PBXFileReference; lastKnownFileType = sourcecode.swift; path = Shackable.swift; sourceTree = "<group>"; };
		15A7AED11F8E75D800ABBFA6 /* Rotatable.swift */ = {isa = PBXFileReference; lastKnownFileType = sourcecode.swift; path = Rotatable.swift; sourceTree = "<group>"; };
		15A934A41FBC56C00020F05C /* LoginHeaderCell.swift */ = {isa = PBXFileReference; lastKnownFileType = sourcecode.swift; path = LoginHeaderCell.swift; sourceTree = "<group>"; };
		15A934A51FBC56C00020F05C /* LoginHeaderCell.xib */ = {isa = PBXFileReference; lastKnownFileType = file.xib; path = LoginHeaderCell.xib; sourceTree = "<group>"; };
		15A9FAF0202DDEE1001E05BD /* Post.swift */ = {isa = PBXFileReference; lastKnownFileType = sourcecode.swift; path = Post.swift; sourceTree = "<group>"; };
		15BDBE891FA0DC6600298E51 /* Utils.swift */ = {isa = PBXFileReference; lastKnownFileType = sourcecode.swift; path = Utils.swift; sourceTree = "<group>"; };
		15BDBE8D1FA0EF0E00298E51 /* EmailRegistrationVC.swift */ = {isa = PBXFileReference; lastKnownFileType = sourcecode.swift; path = EmailRegistrationVC.swift; sourceTree = "<group>"; };
		15BDBE8E1FA0EF0E00298E51 /* EmailRegistrationVC.xib */ = {isa = PBXFileReference; lastKnownFileType = file.xib; path = EmailRegistrationVC.xib; sourceTree = "<group>"; };
		15BDBE921FA0F1D900298E51 /* TextFieldExtension.swift */ = {isa = PBXFileReference; lastKnownFileType = sourcecode.swift; path = TextFieldExtension.swift; sourceTree = "<group>"; };
		15C7B3A71FA744FA001B1A8E /* InfoLogoCell.swift */ = {isa = PBXFileReference; lastKnownFileType = sourcecode.swift; path = InfoLogoCell.swift; sourceTree = "<group>"; };
		15C7B3A81FA744FA001B1A8E /* InfoLogoCell.xib */ = {isa = PBXFileReference; lastKnownFileType = file.xib; path = InfoLogoCell.xib; sourceTree = "<group>"; };
		15C7B3AC1FA75000001B1A8E /* AditionalInfoVC.swift */ = {isa = PBXFileReference; lastKnownFileType = sourcecode.swift; path = AditionalInfoVC.swift; sourceTree = "<group>"; };
		15C7B3AD1FA75000001B1A8E /* AditionalInfoVC.xib */ = {isa = PBXFileReference; lastKnownFileType = file.xib; path = AditionalInfoVC.xib; sourceTree = "<group>"; };
		15D108BB1F8E7BC400043F02 /* RegisterVC.swift */ = {isa = PBXFileReference; lastKnownFileType = sourcecode.swift; path = RegisterVC.swift; sourceTree = "<group>"; };
		15D108BC1F8E7BC400043F02 /* RegisterVC.xib */ = {isa = PBXFileReference; lastKnownFileType = file.xib; path = RegisterVC.xib; sourceTree = "<group>"; };
		15D91DFC20308C00008FDF17 /* PostsFeedVC.swift */ = {isa = PBXFileReference; lastKnownFileType = sourcecode.swift; path = PostsFeedVC.swift; sourceTree = "<group>"; };
		15D91DFD20308C00008FDF17 /* PostsFeedVC.xib */ = {isa = PBXFileReference; lastKnownFileType = file.xib; path = PostsFeedVC.xib; sourceTree = "<group>"; };
		15D91E0120308D3C008FDF17 /* PostsFeedTVExt.swift */ = {isa = PBXFileReference; lastKnownFileType = sourcecode.swift; path = PostsFeedTVExt.swift; sourceTree = "<group>"; };
		15D91E0320308DBD008FDF17 /* PostCell.swift */ = {isa = PBXFileReference; lastKnownFileType = sourcecode.swift; path = PostCell.swift; sourceTree = "<group>"; };
		15D91E0420308DBD008FDF17 /* PostCell.xib */ = {isa = PBXFileReference; lastKnownFileType = file.xib; path = PostCell.xib; sourceTree = "<group>"; };
		15E65C27203AED870019DA91 /* OwnerTracksVC.swift */ = {isa = PBXFileReference; lastKnownFileType = sourcecode.swift; path = OwnerTracksVC.swift; sourceTree = "<group>"; };
		15E65C28203AED870019DA91 /* OwnerTracksVC.xib */ = {isa = PBXFileReference; lastKnownFileType = file.xib; path = OwnerTracksVC.xib; sourceTree = "<group>"; };
		15E65C2C203AF3A30019DA91 /* OwnerTracksTVExt.swift */ = {isa = PBXFileReference; lastKnownFileType = sourcecode.swift; path = OwnerTracksTVExt.swift; sourceTree = "<group>"; };
		15E65C2E203AF3F60019DA91 /* OwnerTrackListCell.swift */ = {isa = PBXFileReference; lastKnownFileType = sourcecode.swift; path = OwnerTrackListCell.swift; sourceTree = "<group>"; };
		15E65C2F203AF3F60019DA91 /* OwnerTrackListCell.xib */ = {isa = PBXFileReference; lastKnownFileType = file.xib; path = OwnerTrackListCell.xib; sourceTree = "<group>"; };
		15E65C33203B086D0019DA91 /* OwnerTrackDetails.swift */ = {isa = PBXFileReference; lastKnownFileType = sourcecode.swift; path = OwnerTrackDetails.swift; sourceTree = "<group>"; };
		15E65C34203B086D0019DA91 /* OwnerTrackDetails.xib */ = {isa = PBXFileReference; lastKnownFileType = file.xib; path = OwnerTrackDetails.xib; sourceTree = "<group>"; };
		15E65C38203B10170019DA91 /* TrackDetailsImageCell.swift */ = {isa = PBXFileReference; lastKnownFileType = sourcecode.swift; path = TrackDetailsImageCell.swift; sourceTree = "<group>"; };
		15E65C39203B10170019DA91 /* TrackDetailsImageCell.xib */ = {isa = PBXFileReference; lastKnownFileType = file.xib; path = TrackDetailsImageCell.xib; sourceTree = "<group>"; };
		15E65C3D203B131F0019DA91 /* TrackDetailsTVExt.swift */ = {isa = PBXFileReference; lastKnownFileType = sourcecode.swift; path = TrackDetailsTVExt.swift; sourceTree = "<group>"; };
		15E65C3F203B18270019DA91 /* TrackDetailsAddPostCell.swift */ = {isa = PBXFileReference; lastKnownFileType = sourcecode.swift; path = TrackDetailsAddPostCell.swift; sourceTree = "<group>"; };
		15E65C40203B18270019DA91 /* TrackDetailsAddPostCell.xib */ = {isa = PBXFileReference; lastKnownFileType = file.xib; path = TrackDetailsAddPostCell.xib; sourceTree = "<group>"; };
		15EEF3761FA615F200E75A4F /* RegistrationPresenter.swift */ = {isa = PBXFileReference; lastKnownFileType = sourcecode.swift; path = RegistrationPresenter.swift; sourceTree = "<group>"; };
		15F4951B1FA8F1FB0021340E /* LocationManager.swift */ = {isa = PBXFileReference; lastKnownFileType = sourcecode.swift; path = LocationManager.swift; sourceTree = "<group>"; };
		15F78EA31FAA3E0000241AB0 /* AddTracksVC.swift */ = {isa = PBXFileReference; lastKnownFileType = sourcecode.swift; path = AddTracksVC.swift; sourceTree = "<group>"; };
		15F78EA41FAA3E0000241AB0 /* AddTracksVC.xib */ = {isa = PBXFileReference; lastKnownFileType = file.xib; path = AddTracksVC.xib; sourceTree = "<group>"; };
		15F78EA81FAA4A6900241AB0 /* AddTrackTitleCell.swift */ = {isa = PBXFileReference; lastKnownFileType = sourcecode.swift; path = AddTrackTitleCell.swift; sourceTree = "<group>"; };
		15F78EA91FAA4A6900241AB0 /* AddTrackTitleCell.xib */ = {isa = PBXFileReference; lastKnownFileType = file.xib; path = AddTrackTitleCell.xib; sourceTree = "<group>"; };
		15F78EAD1FAA4AE800241AB0 /* AddTrackFieldsCell.swift */ = {isa = PBXFileReference; lastKnownFileType = sourcecode.swift; path = AddTrackFieldsCell.swift; sourceTree = "<group>"; };
		15F78EAE1FAA4AE800241AB0 /* AddTrackFieldsCell.xib */ = {isa = PBXFileReference; lastKnownFileType = file.xib; path = AddTrackFieldsCell.xib; sourceTree = "<group>"; };
		15F78EB21FAA4C5800241AB0 /* Track.swift */ = {isa = PBXFileReference; lastKnownFileType = sourcecode.swift; path = Track.swift; sourceTree = "<group>"; };
		15F78EB41FAA513500241AB0 /* AddTracksTVExt.swift */ = {isa = PBXFileReference; lastKnownFileType = sourcecode.swift; path = AddTracksTVExt.swift; sourceTree = "<group>"; };
		15F78EB61FAA570800241AB0 /* LocateTrackVC.swift */ = {isa = PBXFileReference; lastKnownFileType = sourcecode.swift; path = LocateTrackVC.swift; sourceTree = "<group>"; };
		15F78EB71FAA570800241AB0 /* LocateTrackVC.xib */ = {isa = PBXFileReference; lastKnownFileType = file.xib; path = LocateTrackVC.xib; sourceTree = "<group>"; };
		15FFB7FC2035E93300BEF10C /* PostLike.swift */ = {isa = PBXFileReference; lastKnownFileType = sourcecode.swift; path = PostLike.swift; sourceTree = "<group>"; };
		1F1E609FA35768A1E6270880 /* Pods-GoMoto.release.xcconfig */ = {isa = PBXFileReference; includeInIndex = 1; lastKnownFileType = text.xcconfig; name = "Pods-GoMoto.release.xcconfig"; path = "Pods/Target Support Files/Pods-GoMoto/Pods-GoMoto.release.xcconfig"; sourceTree = "<group>"; };
		21EF99C86E5B2EE0F63B9D2B /* Pods-MyTrax.release.xcconfig */ = {isa = PBXFileReference; includeInIndex = 1; lastKnownFileType = text.xcconfig; name = "Pods-MyTrax.release.xcconfig"; path = "Pods/Target Support Files/Pods-MyTrax/Pods-MyTrax.release.xcconfig"; sourceTree = "<group>"; };
		37C7282D26FB43B4F6B74511 /* Pods-GoMoto.debug.xcconfig */ = {isa = PBXFileReference; includeInIndex = 1; lastKnownFileType = text.xcconfig; name = "Pods-GoMoto.debug.xcconfig"; path = "Pods/Target Support Files/Pods-GoMoto/Pods-GoMoto.debug.xcconfig"; sourceTree = "<group>"; };
		39D1D933DE82DF1992B09A74 /* Pods-MyTrax.debug.xcconfig */ = {isa = PBXFileReference; includeInIndex = 1; lastKnownFileType = text.xcconfig; name = "Pods-MyTrax.debug.xcconfig"; path = "Pods/Target Support Files/Pods-MyTrax/Pods-MyTrax.debug.xcconfig"; sourceTree = "<group>"; };
		4EFECA23FD8E5F95B4E6E358 /* Pods_OneSignalNotificationServiceExtension.framework */ = {isa = PBXFileReference; explicitFileType = wrapper.framework; includeInIndex = 0; path = Pods_OneSignalNotificationServiceExtension.framework; sourceTree = BUILT_PRODUCTS_DIR; };
		79CC1A0941DA41243E3E5FC9 /* Pods_GoMoto.framework */ = {isa = PBXFileReference; explicitFileType = wrapper.framework; includeInIndex = 0; path = Pods_GoMoto.framework; sourceTree = BUILT_PRODUCTS_DIR; };
		9F8BFA37C4E2E2D1F335CE46 /* Pods_MyTrax.framework */ = {isa = PBXFileReference; explicitFileType = wrapper.framework; includeInIndex = 0; path = Pods_MyTrax.framework; sourceTree = BUILT_PRODUCTS_DIR; };
		A7F487D2F2B4ABE65383F199 /* Pods-OneSignalNotificationServiceExtension.release.xcconfig */ = {isa = PBXFileReference; includeInIndex = 1; lastKnownFileType = text.xcconfig; name = "Pods-OneSignalNotificationServiceExtension.release.xcconfig"; path = "Pods/Target Support Files/Pods-OneSignalNotificationServiceExtension/Pods-OneSignalNotificationServiceExtension.release.xcconfig"; sourceTree = "<group>"; };
/* End PBXFileReference section */

/* Begin PBXFrameworksBuildPhase section */
		1521D8961F8BF40A00105C17 /* Frameworks */ = {
			isa = PBXFrameworksBuildPhase;
			buildActionMask = 2147483647;
			files = (
				1526A3051FAA615E00346F4F /* MapKit.framework in Frameworks */,
				8536CF6BB2FD32E3785B2F00 /* Pods_GoMoto.framework in Frameworks */,
			);
			runOnlyForDeploymentPostprocessing = 0;
		};
		159EF69D1FB610E500B1C0EE /* Frameworks */ = {
			isa = PBXFrameworksBuildPhase;
			buildActionMask = 2147483647;
			files = (
				4BEC3CBE51EC2356CA33964A /* Pods_OneSignalNotificationServiceExtension.framework in Frameworks */,
			);
			runOnlyForDeploymentPostprocessing = 0;
		};
/* End PBXFrameworksBuildPhase section */

/* Begin PBXGroup section */
		15150A1A1FA735B800448B3A /* PersonalInfoVC */ = {
			isa = PBXGroup;
			children = (
				15150A161FA735AA00448B3A /* PersonalInfoVC.swift */,
				15150A171FA735AA00448B3A /* PersonalInfoVC.xib */,
				1565C0511FA7360B00A95B46 /* PersonalInfoTVExt.swift */,
				1565C0571FA7366900A95B46 /* PersonalInfoCell */,
				15C7B3AB1FA744FF001B1A8E /* InfoLogoCell */,
			);
			path = PersonalInfoVC;
			sourceTree = "<group>";
		};
		1517E1611FB9BE22008DA5B8 /* LoginVC */ = {
			isa = PBXGroup;
			children = (
				1517E15D1FB9BE1E008DA5B8 /* LoginVC.swift */,
				1517E15E1FB9BE1E008DA5B8 /* LoginVC.xib */,
				156C48A11FBAE77C00D8B666 /* LoginCell */,
				156C48A21FBAF9EF00D8B666 /* LoginTVExt.swift */,
				15A934A81FBC56C50020F05C /* LoginHeaderCell */,
			);
			path = LoginVC;
			sourceTree = "<group>";
		};
		1521698F203D904F00F82680 /* MyTracksVC */ = {
			isa = PBXGroup;
			children = (
				1521698B203D904600F82680 /* MyTracksVC.swift */,
				1521698C203D904600F82680 /* MyTracksVC.xib */,
				15216990203D915800F82680 /* MyTracksTVExt.swift */,
				15216996203D922A00F82680 /* MyTracksListCell */,
				152169A2203DA14D00F82680 /* SearchTracksVC */,
			);
			path = MyTracksVC;
			sourceTree = "<group>";
		};
		15216996203D922A00F82680 /* MyTracksListCell */ = {
			isa = PBXGroup;
			children = (
				15216992203D920600F82680 /* MyTracksListCell.swift */,
				15216993203D920600F82680 /* MyTracksListCell.xib */,
			);
			path = MyTracksListCell;
			sourceTree = "<group>";
		};
		1521699D203D94BD00F82680 /* PlaceholderCell */ = {
			isa = PBXGroup;
			children = (
				15216999203D94B600F82680 /* PlaceholderCell.swift */,
				1521699A203D94B600F82680 /* PlaceholderCell.xib */,
			);
			path = PlaceholderCell;
			sourceTree = "<group>";
		};
		152169A2203DA14D00F82680 /* SearchTracksVC */ = {
			isa = PBXGroup;
			children = (
				1521699E203DA13F00F82680 /* SearchTracksVC.swift */,
				1521699F203DA13F00F82680 /* SearchTracksVC.xib */,
				152169A3203DA46600F82680 /* SearchTracksExtension.swift */,
				152169AE203DC44A00F82680 /* SearchTracksCell */,
				152169AF203DC68A00F82680 /* SearchTracksTVExt.swift */,
			);
			path = SearchTracksVC;
			sourceTree = "<group>";
		};
		152169AE203DC44A00F82680 /* SearchTracksCell */ = {
			isa = PBXGroup;
			children = (
				152169AA203DC44100F82680 /* SearchTracksCell.swift */,
				152169AB203DC44100F82680 /* SearchTracksCell.xib */,
			);
			path = SearchTracksCell;
			sourceTree = "<group>";
		};
		1521D8901F8BF40A00105C17 = {
			isa = PBXGroup;
			children = (
				157A97AC202A083D005F94D6 /* GoMoto.entitlements */,
				1541F2A31F9B83090078B2FB /* Default-568h@2x.png */,
				1521D89B1F8BF40A00105C17 /* GoMoto */,
				159EF6A11FB610E500B1C0EE /* OneSignalNotificationServiceExtension */,
				1521D89A1F8BF40A00105C17 /* Products */,
				A143EB5D798FCDF29CD960EB /* Pods */,
				6DBCC0C8F3285FA51E106789 /* Frameworks */,
			);
			sourceTree = "<group>";
		};
		1521D89A1F8BF40A00105C17 /* Products */ = {
			isa = PBXGroup;
			children = (
				1521D8991F8BF40A00105C17 /* GoMoto.app */,
				159EF6A01FB610E500B1C0EE /* OneSignalNotificationServiceExtension.appex */,
			);
			name = Products;
			sourceTree = "<group>";
		};
		1521D89B1F8BF40A00105C17 /* GoMoto */ = {
			isa = PBXGroup;
			children = (
				1541F2A01F9B828E0078B2FB /* RestAPIManager */,
				152D23271FA3721A0032F789 /* Protocols */,
				1541F2A21F9B82D10078B2FB /* SupportingFiles */,
				1541F2A11F9B82C20078B2FB /* AppMain */,
				1521D8B01F8BF4A800105C17 /* Constants.swift */,
				1584F9291FB22C1000FD78B5 /* RegisterLogin */,
				15A7AECE1F8E650000ABBFA6 /* Extensions */,
				154C71BE1F8E95BB00EBAFFF /* Models */,
				15242B5F1FA8D0320027E18F /* Network */,
				15242B601FA8D0550027E18F /* UserAlert */,
				15F4951B1FA8F1FB0021340E /* LocationManager.swift */,
				15248ED81FB06EFD00EA0DD5 /* ActivityIndicatorManager */,
				1584F92E1FB22CB700FD78B5 /* AllTracksVC */,
				1584F93A1FB30E6300FD78B5 /* RiderProfileVC */,
				15D91E0020308C07008FDF17 /* PostsFeedVC */,
				15E65C2B203AED910019DA91 /* OwnerTracksVC */,
				1521698F203D904F00F82680 /* MyTracksVC */,
				1521699D203D94BD00F82680 /* PlaceholderCell */,
			);
			path = GoMoto;
			sourceTree = "<group>";
		};
		15242B5F1FA8D0320027E18F /* Network */ = {
			isa = PBXGroup;
			children = (
				1541F2A51F9B85290078B2FB /* FirebaseManager.swift */,
			);
			path = Network;
			sourceTree = "<group>";
		};
		15242B601FA8D0550027E18F /* UserAlert */ = {
			isa = PBXGroup;
			children = (
				15242B5D1FA8C9110027E18F /* UserAlert.swift */,
			);
			path = UserAlert;
			sourceTree = "<group>";
		};
		15248ED81FB06EFD00EA0DD5 /* ActivityIndicatorManager */ = {
			isa = PBXGroup;
			children = (
				15248ED61FB06CC700EA0DD5 /* ActivityIndicatorManager.swift */,
			);
			path = ActivityIndicatorManager;
			sourceTree = "<group>";
		};
		15248EDF1FB0C72500EA0DD5 /* AditionalInfoCell */ = {
			isa = PBXGroup;
			children = (
				15248EDB1FB0C72100EA0DD5 /* AditionalInfoCell.swift */,
				15248EDC1FB0C72100EA0DD5 /* AditionalInfoCell.xib */,
			);
			path = AditionalInfoCell;
			sourceTree = "<group>";
		};
		1526A30A1FAB971900346F4F /* AdminVC */ = {
			isa = PBXGroup;
			children = (
				1526A3061FAB971500346F4F /* AdminVC.swift */,
				1526A3071FAB971500346F4F /* AdminVC.xib */,
			);
			path = AdminVC;
			sourceTree = "<group>";
		};
		152D23261FA370150032F789 /* EmailRegistrationCell */ = {
			isa = PBXGroup;
			children = (
				152D23221FA3700C0032F789 /* EmailRegistrationCell.swift */,
				152D23231FA3700C0032F789 /* EmailRegistrationCell.xib */,
			);
			name = EmailRegistrationCell;
			path = "New Group";
			sourceTree = "<group>";
		};
		152D23271FA3721A0032F789 /* Protocols */ = {
			isa = PBXGroup;
			children = (
				152D23281FA3722C0032F789 /* NibLoadable.swift */,
				152D232A1FA3727C0032F789 /* ReusableView.swift */,
			);
			path = Protocols;
			sourceTree = "<group>";
		};
		1541F2A01F9B828E0078B2FB /* RestAPIManager */ = {
			isa = PBXGroup;
			children = (
				154C71BA1F8E86F300EBAFFF /* RestAPIManager.swift */,
			);
			path = RestAPIManager;
			sourceTree = "<group>";
		};
		1541F2A11F9B82C20078B2FB /* AppMain */ = {
			isa = PBXGroup;
			children = (
				1521D89C1F8BF40A00105C17 /* AppDelegate.swift */,
				1521D8AE1F8BF47900105C17 /* AppController.swift */,
			);
			path = AppMain;
			sourceTree = "<group>";
		};
		1541F2A21F9B82D10078B2FB /* SupportingFiles */ = {
			isa = PBXGroup;
			children = (
				15974570202A05EB006456C9 /* GoogleService-Info.plist */,
				1521D8A31F8BF40A00105C17 /* Assets.xcassets */,
				1521D8A51F8BF40A00105C17 /* LaunchScreen.storyboard */,
				1521D8A81F8BF40A00105C17 /* Info.plist */,
			);
			path = SupportingFiles;
			sourceTree = "<group>";
		};
		154B96BA1FA3AC7D00FF71E2 /* LogoCell */ = {
			isa = PBXGroup;
			children = (
				154B96B61FA3AC7700FF71E2 /* LogoCell.swift */,
				154B96B71FA3AC7700FF71E2 /* LogoCell.xib */,
			);
			path = LogoCell;
			sourceTree = "<group>";
		};
		154C71BE1F8E95BB00EBAFFF /* Models */ = {
			isa = PBXGroup;
			children = (
				154C71BC1F8E955200EBAFFF /* User.swift */,
				15F78EB21FAA4C5800241AB0 /* Track.swift */,
				15A9FAF0202DDEE1001E05BD /* Post.swift */,
				15FFB7FC2035E93300BEF10C /* PostLike.swift */,
				1523F637204154D700EAB734 /* FavoriteTrack.swift */,
			);
			path = Models;
			sourceTree = "<group>";
		};
		154C71BF1F8E95CB00EBAFFF /* RegisterVC */ = {
			isa = PBXGroup;
			children = (
				15D108BB1F8E7BC400043F02 /* RegisterVC.swift */,
				15D108BC1F8E7BC400043F02 /* RegisterVC.xib */,
			);
			path = RegisterVC;
			sourceTree = "<group>";
		};
		1565C0571FA7366900A95B46 /* PersonalInfoCell */ = {
			isa = PBXGroup;
			children = (
				1565C0531FA7366600A95B46 /* PersonalInfoCell.swift */,
				1565C0541FA7366600A95B46 /* PersonalInfoCell.xib */,
			);
			path = PersonalInfoCell;
			sourceTree = "<group>";
		};
		1568C5191F8BF5640018D52B /* WelcomeVC */ = {
			isa = PBXGroup;
			children = (
				1568C5151F8BF5610018D52B /* WelcomeVC.swift */,
				1568C5161F8BF5610018D52B /* WelcomeVC.xib */,
			);
			path = WelcomeVC;
			sourceTree = "<group>";
		};
		156C48A11FBAE77C00D8B666 /* LoginCell */ = {
			isa = PBXGroup;
			children = (
				15110BC11FBB0646005411BE /* LoginCell.swift */,
				15110BC21FBB0646005411BE /* LoginCell.xib */,
			);
			path = LoginCell;
			sourceTree = "<group>";
		};
		156E10371FAF43FC008F2C40 /* TrackImageCell */ = {
			isa = PBXGroup;
			children = (
				156E10331FAF43F8008F2C40 /* TrackImageCell.swift */,
				156E10341FAF43F8008F2C40 /* TrackImageCell.xib */,
			);
			path = TrackImageCell;
			sourceTree = "<group>";
		};
		1584F9291FB22C1000FD78B5 /* RegisterLogin */ = {
			isa = PBXGroup;
			children = (
				15EEF3761FA615F200E75A4F /* RegistrationPresenter.swift */,
				1568C5191F8BF5640018D52B /* WelcomeVC */,
				154C71BF1F8E95CB00EBAFFF /* RegisterVC */,
				15BDBE911FA0EF1600298E51 /* EmailRegistrationVC */,
				15150A1A1FA735B800448B3A /* PersonalInfoVC */,
				15C7B3B01FA75005001B1A8E /* AditionalInfoVC */,
				15F78EA71FAA3E0400241AB0 /* AddTracksVC */,
				1526A30A1FAB971900346F4F /* AdminVC */,
				1517E1611FB9BE22008DA5B8 /* LoginVC */,
			);
			path = RegisterLogin;
			sourceTree = "<group>";
		};
		1584F92E1FB22CB700FD78B5 /* AllTracksVC */ = {
			isa = PBXGroup;
			children = (
				1584F92A1FB22CB400FD78B5 /* AllTracksVC.swift */,
				1584F92B1FB22CB400FD78B5 /* AllTracksVC.xib */,
				1584F9331FB2474D00FD78B5 /* TrackListCell */,
				1584F9341FB24A2A00FD78B5 /* AllTracksTVExt.swift */,
			);
			path = AllTracksVC;
			sourceTree = "<group>";
		};
		1584F9331FB2474D00FD78B5 /* TrackListCell */ = {
			isa = PBXGroup;
			children = (
				1584F92F1FB2474A00FD78B5 /* TrackListCell.swift */,
				1584F9301FB2474A00FD78B5 /* TrackListCell.xib */,
			);
			path = TrackListCell;
			sourceTree = "<group>";
		};
		1584F93A1FB30E6300FD78B5 /* RiderProfileVC */ = {
			isa = PBXGroup;
			children = (
				1584F9361FB30E5C00FD78B5 /* RiderProfileVC.swift */,
				1584F9371FB30E5C00FD78B5 /* RiderProfileVC.xib */,
			);
			path = RiderProfileVC;
			sourceTree = "<group>";
		};
		159EF6A11FB610E500B1C0EE /* OneSignalNotificationServiceExtension */ = {
			isa = PBXGroup;
			children = (
				159EF6A21FB610E500B1C0EE /* NotificationService.swift */,
				159EF6A41FB610E500B1C0EE /* Info.plist */,
			);
			path = OneSignalNotificationServiceExtension;
			sourceTree = "<group>";
		};
		15A7AECE1F8E650000ABBFA6 /* Extensions */ = {
			isa = PBXGroup;
			children = (
				15A7AECC1F8E64FA00ABBFA6 /* Shackable.swift */,
				15A7AED11F8E75D800ABBFA6 /* Rotatable.swift */,
				156F20D91F9B7D7B007FEE27 /* Beautifier.swift */,
				15BDBE891FA0DC6600298E51 /* Utils.swift */,
				152D232C1FA372E50032F789 /* TableViewExt.swift */,
			);
			path = Extensions;
			sourceTree = "<group>";
		};
		15A934A81FBC56C50020F05C /* LoginHeaderCell */ = {
			isa = PBXGroup;
			children = (
				15A934A41FBC56C00020F05C /* LoginHeaderCell.swift */,
				15A934A51FBC56C00020F05C /* LoginHeaderCell.xib */,
			);
			path = LoginHeaderCell;
			sourceTree = "<group>";
		};
		15BDBE911FA0EF1600298E51 /* EmailRegistrationVC */ = {
			isa = PBXGroup;
			children = (
				15BDBE8D1FA0EF0E00298E51 /* EmailRegistrationVC.swift */,
				15BDBE8E1FA0EF0E00298E51 /* EmailRegistrationVC.xib */,
				15BDBE921FA0F1D900298E51 /* TextFieldExtension.swift */,
				152D23261FA370150032F789 /* EmailRegistrationCell */,
				152D232E1FA374F60032F789 /* EmailRegTVExtension.swift */,
				154B96BA1FA3AC7D00FF71E2 /* LogoCell */,
			);
			path = EmailRegistrationVC;
			sourceTree = "<group>";
		};
		15C7B3AB1FA744FF001B1A8E /* InfoLogoCell */ = {
			isa = PBXGroup;
			children = (
				15C7B3A71FA744FA001B1A8E /* InfoLogoCell.swift */,
				15C7B3A81FA744FA001B1A8E /* InfoLogoCell.xib */,
			);
			path = InfoLogoCell;
			sourceTree = "<group>";
		};
		15C7B3B01FA75005001B1A8E /* AditionalInfoVC */ = {
			isa = PBXGroup;
			children = (
				15C7B3AC1FA75000001B1A8E /* AditionalInfoVC.swift */,
				15C7B3AD1FA75000001B1A8E /* AditionalInfoVC.xib */,
				15248ED91FB0C6B000EA0DD5 /* AditionalInfoTVExt.swift */,
				15248EDF1FB0C72500EA0DD5 /* AditionalInfoCell */,
			);
			path = AditionalInfoVC;
			sourceTree = "<group>";
		};
		15D91E0020308C07008FDF17 /* PostsFeedVC */ = {
			isa = PBXGroup;
			children = (
				15D91DFC20308C00008FDF17 /* PostsFeedVC.swift */,
				15D91DFD20308C00008FDF17 /* PostsFeedVC.xib */,
				15D91E0120308D3C008FDF17 /* PostsFeedTVExt.swift */,
				15D91E0720308DC1008FDF17 /* PostCell */,
			);
			path = PostsFeedVC;
			sourceTree = "<group>";
		};
		15D91E0720308DC1008FDF17 /* PostCell */ = {
			isa = PBXGroup;
			children = (
				15D91E0320308DBD008FDF17 /* PostCell.swift */,
				15D91E0420308DBD008FDF17 /* PostCell.xib */,
			);
			path = PostCell;
			sourceTree = "<group>";
		};
		15E65C2B203AED910019DA91 /* OwnerTracksVC */ = {
			isa = PBXGroup;
			children = (
				15E65C27203AED870019DA91 /* OwnerTracksVC.swift */,
				15E65C28203AED870019DA91 /* OwnerTracksVC.xib */,
				15E65C2C203AF3A30019DA91 /* OwnerTracksTVExt.swift */,
				15E65C32203AF3FF0019DA91 /* OwnerTrackListCell */,
				15E65C37203B08740019DA91 /* OwnerTrackDetails */,
			);
			path = OwnerTracksVC;
			sourceTree = "<group>";
		};
		15E65C32203AF3FF0019DA91 /* OwnerTrackListCell */ = {
			isa = PBXGroup;
			children = (
				15E65C2E203AF3F60019DA91 /* OwnerTrackListCell.swift */,
				15E65C2F203AF3F60019DA91 /* OwnerTrackListCell.xib */,
			);
			path = OwnerTrackListCell;
			sourceTree = "<group>";
		};
		15E65C37203B08740019DA91 /* OwnerTrackDetails */ = {
			isa = PBXGroup;
			children = (
				15E65C33203B086D0019DA91 /* OwnerTrackDetails.swift */,
				15E65C34203B086D0019DA91 /* OwnerTrackDetails.xib */,
				15E65C3C203B101E0019DA91 /* TrackDetailsImageCell */,
				15E65C3D203B131F0019DA91 /* TrackDetailsTVExt.swift */,
				15E65C43203B18450019DA91 /* TrackDetailsAddPostCell */,
			);
			path = OwnerTrackDetails;
			sourceTree = "<group>";
		};
		15E65C3C203B101E0019DA91 /* TrackDetailsImageCell */ = {
			isa = PBXGroup;
			children = (
				15E65C38203B10170019DA91 /* TrackDetailsImageCell.swift */,
				15E65C39203B10170019DA91 /* TrackDetailsImageCell.xib */,
			);
			path = TrackDetailsImageCell;
			sourceTree = "<group>";
		};
		15E65C43203B18450019DA91 /* TrackDetailsAddPostCell */ = {
			isa = PBXGroup;
			children = (
				15E65C3F203B18270019DA91 /* TrackDetailsAddPostCell.swift */,
				15E65C40203B18270019DA91 /* TrackDetailsAddPostCell.xib */,
			);
			path = TrackDetailsAddPostCell;
			sourceTree = "<group>";
		};
		15F78EA71FAA3E0400241AB0 /* AddTracksVC */ = {
			isa = PBXGroup;
			children = (
				15F78EA31FAA3E0000241AB0 /* AddTracksVC.swift */,
				15F78EA41FAA3E0000241AB0 /* AddTracksVC.xib */,
				15F78EAC1FAA4A6C00241AB0 /* AddTrackTitleCell */,
				15F78EB11FAA4AEB00241AB0 /* AddTrackFieldsCell */,
				15F78EB41FAA513500241AB0 /* AddTracksTVExt.swift */,
				15F78EBA1FAA571100241AB0 /* LocateTrackVC */,
				156E10311FAF3CEE008F2C40 /* CameraExtension.swift */,
				156E10371FAF43FC008F2C40 /* TrackImageCell */,
			);
			path = AddTracksVC;
			sourceTree = "<group>";
		};
		15F78EAC1FAA4A6C00241AB0 /* AddTrackTitleCell */ = {
			isa = PBXGroup;
			children = (
				15F78EA81FAA4A6900241AB0 /* AddTrackTitleCell.swift */,
				15F78EA91FAA4A6900241AB0 /* AddTrackTitleCell.xib */,
			);
			path = AddTrackTitleCell;
			sourceTree = "<group>";
		};
		15F78EB11FAA4AEB00241AB0 /* AddTrackFieldsCell */ = {
			isa = PBXGroup;
			children = (
				15F78EAD1FAA4AE800241AB0 /* AddTrackFieldsCell.swift */,
				15F78EAE1FAA4AE800241AB0 /* AddTrackFieldsCell.xib */,
			);
			path = AddTrackFieldsCell;
			sourceTree = "<group>";
		};
		15F78EBA1FAA571100241AB0 /* LocateTrackVC */ = {
			isa = PBXGroup;
			children = (
				15F78EB61FAA570800241AB0 /* LocateTrackVC.swift */,
				15F78EB71FAA570800241AB0 /* LocateTrackVC.xib */,
			);
			path = LocateTrackVC;
			sourceTree = "<group>";
		};
		6DBCC0C8F3285FA51E106789 /* Frameworks */ = {
			isa = PBXGroup;
			children = (
				1526A3041FAA615E00346F4F /* MapKit.framework */,
				9F8BFA37C4E2E2D1F335CE46 /* Pods_MyTrax.framework */,
				4EFECA23FD8E5F95B4E6E358 /* Pods_OneSignalNotificationServiceExtension.framework */,
				79CC1A0941DA41243E3E5FC9 /* Pods_GoMoto.framework */,
			);
			name = Frameworks;
			sourceTree = "<group>";
		};
		A143EB5D798FCDF29CD960EB /* Pods */ = {
			isa = PBXGroup;
			children = (
				39D1D933DE82DF1992B09A74 /* Pods-MyTrax.debug.xcconfig */,
				21EF99C86E5B2EE0F63B9D2B /* Pods-MyTrax.release.xcconfig */,
				027145BEC1BBF8B3984037AB /* Pods-OneSignalNotificationServiceExtension.debug.xcconfig */,
				A7F487D2F2B4ABE65383F199 /* Pods-OneSignalNotificationServiceExtension.release.xcconfig */,
				37C7282D26FB43B4F6B74511 /* Pods-GoMoto.debug.xcconfig */,
				1F1E609FA35768A1E6270880 /* Pods-GoMoto.release.xcconfig */,
			);
			name = Pods;
			sourceTree = "<group>";
		};
/* End PBXGroup section */

/* Begin PBXNativeTarget section */
		1521D8981F8BF40A00105C17 /* GoMoto */ = {
			isa = PBXNativeTarget;
			buildConfigurationList = 1521D8AB1F8BF40A00105C17 /* Build configuration list for PBXNativeTarget "GoMoto" */;
			buildPhases = (
				BD201A5FBD4054098FF40585 /* [CP] Check Pods Manifest.lock */,
				1521D8951F8BF40A00105C17 /* Sources */,
				1521D8961F8BF40A00105C17 /* Frameworks */,
				1521D8971F8BF40A00105C17 /* Resources */,
				DE6C61BB13CBFFE8A3537721 /* [CP] Embed Pods Frameworks */,
				D26BE57F400CDB7F1803034F /* [CP] Copy Pods Resources */,
				159EF6AB1FB610E500B1C0EE /* Embed App Extensions */,
			);
			buildRules = (
			);
			dependencies = (
				159EF6A61FB610E500B1C0EE /* PBXTargetDependency */,
			);
			name = GoMoto;
			productName = MyTrax;
			productReference = 1521D8991F8BF40A00105C17 /* GoMoto.app */;
			productType = "com.apple.product-type.application";
		};
		159EF69F1FB610E500B1C0EE /* OneSignalNotificationServiceExtension */ = {
			isa = PBXNativeTarget;
			buildConfigurationList = 159EF6AA1FB610E500B1C0EE /* Build configuration list for PBXNativeTarget "OneSignalNotificationServiceExtension" */;
			buildPhases = (
				93AAC65BCA980CC0614CE14B /* [CP] Check Pods Manifest.lock */,
				159EF69C1FB610E500B1C0EE /* Sources */,
				159EF69D1FB610E500B1C0EE /* Frameworks */,
				159EF69E1FB610E500B1C0EE /* Resources */,
				F482DA17817345E2EEA81424 /* [CP] Copy Pods Resources */,
			);
			buildRules = (
			);
			dependencies = (
			);
			name = OneSignalNotificationServiceExtension;
			productName = OneSignalNotificationServiceExtension;
			productReference = 159EF6A01FB610E500B1C0EE /* OneSignalNotificationServiceExtension.appex */;
			productType = "com.apple.product-type.app-extension";
		};
/* End PBXNativeTarget section */

/* Begin PBXProject section */
		1521D8911F8BF40A00105C17 /* Project object */ = {
			isa = PBXProject;
			attributes = {
				LastSwiftUpdateCheck = 0910;
				LastUpgradeCheck = 0930;
				ORGANIZATIONNAME = yakis;
				TargetAttributes = {
					1521D8981F8BF40A00105C17 = {
						CreatedOnToolsVersion = 9.0;
						ProvisioningStyle = Automatic;
						SystemCapabilities = {
							com.apple.Maps.iOS = {
								enabled = 1;
							};
							com.apple.Push = {
								enabled = 1;
							};
						};
					};
					159EF69F1FB610E500B1C0EE = {
						CreatedOnToolsVersion = 9.1;
						ProvisioningStyle = Automatic;
					};
				};
			};
			buildConfigurationList = 1521D8941F8BF40A00105C17 /* Build configuration list for PBXProject "GoMoto" */;
			compatibilityVersion = "Xcode 8.0";
			developmentRegion = en;
			hasScannedForEncodings = 0;
			knownRegions = (
				en,
				Base,
			);
			mainGroup = 1521D8901F8BF40A00105C17;
			productRefGroup = 1521D89A1F8BF40A00105C17 /* Products */;
			projectDirPath = "";
			projectRoot = "";
			targets = (
				1521D8981F8BF40A00105C17 /* GoMoto */,
				159EF69F1FB610E500B1C0EE /* OneSignalNotificationServiceExtension */,
			);
		};
/* End PBXProject section */

/* Begin PBXResourcesBuildPhase section */
		1521D8971F8BF40A00105C17 /* Resources */ = {
			isa = PBXResourcesBuildPhase;
			buildActionMask = 2147483647;
			files = (
				1521698E203D904600F82680 /* MyTracksVC.xib in Resources */,
				1521D8A71F8BF40A00105C17 /* LaunchScreen.storyboard in Resources */,
				1584F9391FB30E5C00FD78B5 /* RiderProfileVC.xib in Resources */,
				15150A191FA735AA00448B3A /* PersonalInfoVC.xib in Resources */,
				15D91E0620308DBD008FDF17 /* PostCell.xib in Resources */,
				15E65C36203B086D0019DA91 /* OwnerTrackDetails.xib in Resources */,
				15E65C2A203AED870019DA91 /* OwnerTracksVC.xib in Resources */,
				154B96B91FA3AC7700FF71E2 /* LogoCell.xib in Resources */,
				1565C0561FA7366600A95B46 /* PersonalInfoCell.xib in Resources */,
				152169AD203DC44100F82680 /* SearchTracksCell.xib in Resources */,
				15E65C3B203B10170019DA91 /* TrackDetailsImageCell.xib in Resources */,
				15C7B3AA1FA744FA001B1A8E /* InfoLogoCell.xib in Resources */,
				1517E1601FB9BE1E008DA5B8 /* LoginVC.xib in Resources */,
				1584F9321FB2474A00FD78B5 /* TrackListCell.xib in Resources */,
				156E10361FAF43F8008F2C40 /* TrackImageCell.xib in Resources */,
				1584F92D1FB22CB400FD78B5 /* AllTracksVC.xib in Resources */,
				1521699C203D94B600F82680 /* PlaceholderCell.xib in Resources */,
				15F78EB01FAA4AE800241AB0 /* AddTrackFieldsCell.xib in Resources */,
				15D108BE1F8E7BC400043F02 /* RegisterVC.xib in Resources */,
				15A934A71FBC56C00020F05C /* LoginHeaderCell.xib in Resources */,
				15974571202A05EB006456C9 /* GoogleService-Info.plist in Resources */,
				152169A1203DA13F00F82680 /* SearchTracksVC.xib in Resources */,
				1521D8A41F8BF40A00105C17 /* Assets.xcassets in Resources */,
				15E65C31203AF3F60019DA91 /* OwnerTrackListCell.xib in Resources */,
				15F78EB91FAA570800241AB0 /* LocateTrackVC.xib in Resources */,
				15BDBE901FA0EF0E00298E51 /* EmailRegistrationVC.xib in Resources */,
				15E65C42203B18270019DA91 /* TrackDetailsAddPostCell.xib in Resources */,
				15110BC41FBB0646005411BE /* LoginCell.xib in Resources */,
				1526A3091FAB971600346F4F /* AdminVC.xib in Resources */,
				152D23251FA3700C0032F789 /* EmailRegistrationCell.xib in Resources */,
				15D91DFF20308C00008FDF17 /* PostsFeedVC.xib in Resources */,
				1568C5181F8BF5610018D52B /* WelcomeVC.xib in Resources */,
				15248EDE1FB0C72100EA0DD5 /* AditionalInfoCell.xib in Resources */,
				15F78EAB1FAA4A6900241AB0 /* AddTrackTitleCell.xib in Resources */,
				15C7B3AF1FA75000001B1A8E /* AditionalInfoVC.xib in Resources */,
				1541F2A41F9B83090078B2FB /* Default-568h@2x.png in Resources */,
				15216995203D920600F82680 /* MyTracksListCell.xib in Resources */,
				15F78EA61FAA3E0000241AB0 /* AddTracksVC.xib in Resources */,
			);
			runOnlyForDeploymentPostprocessing = 0;
		};
		159EF69E1FB610E500B1C0EE /* Resources */ = {
			isa = PBXResourcesBuildPhase;
			buildActionMask = 2147483647;
			files = (
			);
			runOnlyForDeploymentPostprocessing = 0;
		};
/* End PBXResourcesBuildPhase section */

/* Begin PBXShellScriptBuildPhase section */
		93AAC65BCA980CC0614CE14B /* [CP] Check Pods Manifest.lock */ = {
			isa = PBXShellScriptBuildPhase;
			buildActionMask = 2147483647;
			files = (
			);
			inputPaths = (
				"${PODS_PODFILE_DIR_PATH}/Podfile.lock",
				"${PODS_ROOT}/Manifest.lock",
			);
			name = "[CP] Check Pods Manifest.lock";
			outputPaths = (
				"$(DERIVED_FILE_DIR)/Pods-OneSignalNotificationServiceExtension-checkManifestLockResult.txt",
			);
			runOnlyForDeploymentPostprocessing = 0;
			shellPath = /bin/sh;
			shellScript = "diff \"${PODS_PODFILE_DIR_PATH}/Podfile.lock\" \"${PODS_ROOT}/Manifest.lock\" > /dev/null\nif [ $? != 0 ] ; then\n    # print error to STDERR\n    echo \"error: The sandbox is not in sync with the Podfile.lock. Run 'pod install' or update your CocoaPods installation.\" >&2\n    exit 1\nfi\n# This output is used by Xcode 'outputs' to avoid re-running this script phase.\necho \"SUCCESS\" > \"${SCRIPT_OUTPUT_FILE_0}\"\n";
			showEnvVarsInLog = 0;
		};
		BD201A5FBD4054098FF40585 /* [CP] Check Pods Manifest.lock */ = {
			isa = PBXShellScriptBuildPhase;
			buildActionMask = 2147483647;
			files = (
			);
			inputPaths = (
				"${PODS_PODFILE_DIR_PATH}/Podfile.lock",
				"${PODS_ROOT}/Manifest.lock",
			);
			name = "[CP] Check Pods Manifest.lock";
			outputPaths = (
				"$(DERIVED_FILE_DIR)/Pods-GoMoto-checkManifestLockResult.txt",
			);
			runOnlyForDeploymentPostprocessing = 0;
			shellPath = /bin/sh;
			shellScript = "diff \"${PODS_PODFILE_DIR_PATH}/Podfile.lock\" \"${PODS_ROOT}/Manifest.lock\" > /dev/null\nif [ $? != 0 ] ; then\n    # print error to STDERR\n    echo \"error: The sandbox is not in sync with the Podfile.lock. Run 'pod install' or update your CocoaPods installation.\" >&2\n    exit 1\nfi\n# This output is used by Xcode 'outputs' to avoid re-running this script phase.\necho \"SUCCESS\" > \"${SCRIPT_OUTPUT_FILE_0}\"\n";
			showEnvVarsInLog = 0;
		};
		D26BE57F400CDB7F1803034F /* [CP] Copy Pods Resources */ = {
			isa = PBXShellScriptBuildPhase;
			buildActionMask = 2147483647;
			files = (
			);
			inputPaths = (
			);
			name = "[CP] Copy Pods Resources";
			outputPaths = (
			);
			runOnlyForDeploymentPostprocessing = 0;
			shellPath = /bin/sh;
			shellScript = "\"${SRCROOT}/Pods/Target Support Files/Pods-GoMoto/Pods-GoMoto-resources.sh\"\n";
			showEnvVarsInLog = 0;
		};
		DE6C61BB13CBFFE8A3537721 /* [CP] Embed Pods Frameworks */ = {
			isa = PBXShellScriptBuildPhase;
			buildActionMask = 2147483647;
			files = (
			);
			inputPaths = (
				"${SRCROOT}/Pods/Target Support Files/Pods-GoMoto/Pods-GoMoto-frameworks.sh",
				"${BUILT_PRODUCTS_DIR}/Bolts/Bolts.framework",
				"${BUILT_PRODUCTS_DIR}/FBSDKCoreKit/FBSDKCoreKit.framework",
				"${BUILT_PRODUCTS_DIR}/FBSDKLoginKit/FBSDKLoginKit.framework",
				"${BUILT_PRODUCTS_DIR}/FacebookCore/FacebookCore.framework",
				"${BUILT_PRODUCTS_DIR}/FacebookLogin/FacebookLogin.framework",
				"${BUILT_PRODUCTS_DIR}/GTMSessionFetcher/GTMSessionFetcher.framework",
				"${BUILT_PRODUCTS_DIR}/GoogleToolboxForMac/GoogleToolboxForMac.framework",
				"${BUILT_PRODUCTS_DIR}/Kingfisher/Kingfisher.framework",
				"${BUILT_PRODUCTS_DIR}/nanopb/nanopb.framework",
			);
			name = "[CP] Embed Pods Frameworks";
			outputPaths = (
				"${TARGET_BUILD_DIR}/${FRAMEWORKS_FOLDER_PATH}/Bolts.framework",
				"${TARGET_BUILD_DIR}/${FRAMEWORKS_FOLDER_PATH}/FBSDKCoreKit.framework",
				"${TARGET_BUILD_DIR}/${FRAMEWORKS_FOLDER_PATH}/FBSDKLoginKit.framework",
				"${TARGET_BUILD_DIR}/${FRAMEWORKS_FOLDER_PATH}/FacebookCore.framework",
				"${TARGET_BUILD_DIR}/${FRAMEWORKS_FOLDER_PATH}/FacebookLogin.framework",
				"${TARGET_BUILD_DIR}/${FRAMEWORKS_FOLDER_PATH}/GTMSessionFetcher.framework",
				"${TARGET_BUILD_DIR}/${FRAMEWORKS_FOLDER_PATH}/GoogleToolboxForMac.framework",
				"${TARGET_BUILD_DIR}/${FRAMEWORKS_FOLDER_PATH}/Kingfisher.framework",
				"${TARGET_BUILD_DIR}/${FRAMEWORKS_FOLDER_PATH}/nanopb.framework",
			);
			runOnlyForDeploymentPostprocessing = 0;
			shellPath = /bin/sh;
			shellScript = "\"${SRCROOT}/Pods/Target Support Files/Pods-GoMoto/Pods-GoMoto-frameworks.sh\"\n";
			showEnvVarsInLog = 0;
		};
		F482DA17817345E2EEA81424 /* [CP] Copy Pods Resources */ = {
			isa = PBXShellScriptBuildPhase;
			buildActionMask = 2147483647;
			files = (
			);
			inputPaths = (
			);
			name = "[CP] Copy Pods Resources";
			outputPaths = (
			);
			runOnlyForDeploymentPostprocessing = 0;
			shellPath = /bin/sh;
			shellScript = "\"${SRCROOT}/Pods/Target Support Files/Pods-OneSignalNotificationServiceExtension/Pods-OneSignalNotificationServiceExtension-resources.sh\"\n";
			showEnvVarsInLog = 0;
		};
/* End PBXShellScriptBuildPhase section */

/* Begin PBXSourcesBuildPhase section */
		1521D8951F8BF40A00105C17 /* Sources */ = {
			isa = PBXSourcesBuildPhase;
			buildActionMask = 2147483647;
			files = (
				154B96B81FA3AC7700FF71E2 /* LogoCell.swift in Sources */,
				1541F2A61F9B85290078B2FB /* FirebaseManager.swift in Sources */,
				154C71BB1F8E86F300EBAFFF /* RestAPIManager.swift in Sources */,
				15F78EB51FAA513500241AB0 /* AddTracksTVExt.swift in Sources */,
				15248EDA1FB0C6B000EA0DD5 /* AditionalInfoTVExt.swift in Sources */,
				1523F638204154D700EAB734 /* FavoriteTrack.swift in Sources */,
				15A9FAF1202DDEE1001E05BD /* Post.swift in Sources */,
				15EEF3771FA615F200E75A4F /* RegistrationPresenter.swift in Sources */,
				156F20DA1F9B7D7B007FEE27 /* Beautifier.swift in Sources */,
				15BDBE8A1FA0DC6600298E51 /* Utils.swift in Sources */,
				15F4951C1FA8F1FB0021340E /* LocationManager.swift in Sources */,
				15F78EAF1FAA4AE800241AB0 /* AddTrackFieldsCell.swift in Sources */,
				152169B0203DC68A00F82680 /* SearchTracksTVExt.swift in Sources */,
				15A7AED21F8E75D800ABBFA6 /* Rotatable.swift in Sources */,
				1584F9351FB24A2A00FD78B5 /* AllTracksTVExt.swift in Sources */,
				15D108BD1F8E7BC400043F02 /* RegisterVC.swift in Sources */,
				152D23291FA3722C0032F789 /* NibLoadable.swift in Sources */,
				15D91E0520308DBD008FDF17 /* PostCell.swift in Sources */,
				156E10351FAF43F8008F2C40 /* TrackImageCell.swift in Sources */,
				15216994203D920600F82680 /* MyTracksListCell.swift in Sources */,
				15D91E0220308D3C008FDF17 /* PostsFeedTVExt.swift in Sources */,
				1521699B203D94B600F82680 /* PlaceholderCell.swift in Sources */,
				15248ED71FB06CC700EA0DD5 /* ActivityIndicatorManager.swift in Sources */,
				156C48A31FBAF9EF00D8B666 /* LoginTVExt.swift in Sources */,
				15F78EAA1FAA4A6900241AB0 /* AddTrackTitleCell.swift in Sources */,
				15BDBE8F1FA0EF0E00298E51 /* EmailRegistrationVC.swift in Sources */,
				15150A181FA735AA00448B3A /* PersonalInfoVC.swift in Sources */,
				15E65C35203B086D0019DA91 /* OwnerTrackDetails.swift in Sources */,
				15C7B3A91FA744FA001B1A8E /* InfoLogoCell.swift in Sources */,
				1584F9381FB30E5C00FD78B5 /* RiderProfileVC.swift in Sources */,
				1521D89D1F8BF40A00105C17 /* AppDelegate.swift in Sources */,
				1565C0521FA7360B00A95B46 /* PersonalInfoTVExt.swift in Sources */,
				152D232B1FA3727C0032F789 /* ReusableView.swift in Sources */,
				15C7B3AE1FA75000001B1A8E /* AditionalInfoVC.swift in Sources */,
				152169A0203DA13F00F82680 /* SearchTracksVC.swift in Sources */,
				15E65C41203B18270019DA91 /* TrackDetailsAddPostCell.swift in Sources */,
				15242B5E1FA8C9110027E18F /* UserAlert.swift in Sources */,
				152169A4203DA46600F82680 /* SearchTracksExtension.swift in Sources */,
				15BDBE931FA0F1D900298E51 /* TextFieldExtension.swift in Sources */,
				15E65C30203AF3F60019DA91 /* OwnerTrackListCell.swift in Sources */,
				152D23241FA3700C0032F789 /* EmailRegistrationCell.swift in Sources */,
				1584F9311FB2474A00FD78B5 /* TrackListCell.swift in Sources */,
				15F78EB31FAA4C5800241AB0 /* Track.swift in Sources */,
				152D232D1FA372E50032F789 /* TableViewExt.swift in Sources */,
				1568C5171F8BF5610018D52B /* WelcomeVC.swift in Sources */,
				15D91DFE20308C00008FDF17 /* PostsFeedVC.swift in Sources */,
				15A934A61FBC56C00020F05C /* LoginHeaderCell.swift in Sources */,
				152169AC203DC44100F82680 /* SearchTracksCell.swift in Sources */,
				15E65C3E203B131F0019DA91 /* TrackDetailsTVExt.swift in Sources */,
				15F78EB81FAA570800241AB0 /* LocateTrackVC.swift in Sources */,
				15110BC31FBB0646005411BE /* LoginCell.swift in Sources */,
				1517E15F1FB9BE1E008DA5B8 /* LoginVC.swift in Sources */,
				15216991203D915800F82680 /* MyTracksTVExt.swift in Sources */,
				1521D8AF1F8BF47900105C17 /* AppController.swift in Sources */,
				152D232F1FA374F60032F789 /* EmailRegTVExtension.swift in Sources */,
				1584F92C1FB22CB400FD78B5 /* AllTracksVC.swift in Sources */,
				15FFB7FD2035E93300BEF10C /* PostLike.swift in Sources */,
				154C71BD1F8E955200EBAFFF /* User.swift in Sources */,
				156E10321FAF3CEE008F2C40 /* CameraExtension.swift in Sources */,
				15F78EA51FAA3E0000241AB0 /* AddTracksVC.swift in Sources */,
				15A7AECD1F8E64FA00ABBFA6 /* Shackable.swift in Sources */,
				1521D8B11F8BF4A800105C17 /* Constants.swift in Sources */,
				15E65C29203AED870019DA91 /* OwnerTracksVC.swift in Sources */,
				15E65C2D203AF3A30019DA91 /* OwnerTracksTVExt.swift in Sources */,
				15E65C3A203B10170019DA91 /* TrackDetailsImageCell.swift in Sources */,
				1521698D203D904600F82680 /* MyTracksVC.swift in Sources */,
				15248EDD1FB0C72100EA0DD5 /* AditionalInfoCell.swift in Sources */,
				1526A3081FAB971600346F4F /* AdminVC.swift in Sources */,
				1565C0551FA7366600A95B46 /* PersonalInfoCell.swift in Sources */,
			);
			runOnlyForDeploymentPostprocessing = 0;
		};
		159EF69C1FB610E500B1C0EE /* Sources */ = {
			isa = PBXSourcesBuildPhase;
			buildActionMask = 2147483647;
			files = (
				159EF6A31FB610E500B1C0EE /* NotificationService.swift in Sources */,
			);
			runOnlyForDeploymentPostprocessing = 0;
		};
/* End PBXSourcesBuildPhase section */

/* Begin PBXTargetDependency section */
		159EF6A61FB610E500B1C0EE /* PBXTargetDependency */ = {
			isa = PBXTargetDependency;
			target = 159EF69F1FB610E500B1C0EE /* OneSignalNotificationServiceExtension */;
			targetProxy = 159EF6A51FB610E500B1C0EE /* PBXContainerItemProxy */;
		};
/* End PBXTargetDependency section */

/* Begin PBXVariantGroup section */
		1521D8A51F8BF40A00105C17 /* LaunchScreen.storyboard */ = {
			isa = PBXVariantGroup;
			children = (
				1521D8A61F8BF40A00105C17 /* Base */,
			);
			name = LaunchScreen.storyboard;
			sourceTree = "<group>";
		};
/* End PBXVariantGroup section */

/* Begin XCBuildConfiguration section */
		1521D8A91F8BF40A00105C17 /* Debug */ = {
			isa = XCBuildConfiguration;
			buildSettings = {
				ALWAYS_EMBED_SWIFT_STANDARD_LIBRARIES = "$(inherited)";
				ALWAYS_SEARCH_USER_PATHS = NO;
				CLANG_ANALYZER_NONNULL = YES;
				CLANG_ANALYZER_NUMBER_OBJECT_CONVERSION = YES_AGGRESSIVE;
				CLANG_CXX_LANGUAGE_STANDARD = "gnu++14";
				CLANG_CXX_LIBRARY = "libc++";
				CLANG_ENABLE_MODULES = YES;
				CLANG_ENABLE_OBJC_ARC = YES;
				CLANG_WARN_BLOCK_CAPTURE_AUTORELEASING = YES;
				CLANG_WARN_BOOL_CONVERSION = YES;
				CLANG_WARN_COMMA = YES;
				CLANG_WARN_CONSTANT_CONVERSION = YES;
				CLANG_WARN_DEPRECATED_OBJC_IMPLEMENTATIONS = YES;
				CLANG_WARN_DIRECT_OBJC_ISA_USAGE = YES_ERROR;
				CLANG_WARN_DOCUMENTATION_COMMENTS = YES;
				CLANG_WARN_EMPTY_BODY = YES;
				CLANG_WARN_ENUM_CONVERSION = YES;
				CLANG_WARN_INFINITE_RECURSION = YES;
				CLANG_WARN_INT_CONVERSION = YES;
				CLANG_WARN_NON_LITERAL_NULL_CONVERSION = YES;
				CLANG_WARN_OBJC_IMPLICIT_RETAIN_SELF = YES;
				CLANG_WARN_OBJC_LITERAL_CONVERSION = YES;
				CLANG_WARN_OBJC_ROOT_CLASS = YES_ERROR;
				CLANG_WARN_RANGE_LOOP_ANALYSIS = YES;
				CLANG_WARN_STRICT_PROTOTYPES = YES;
				CLANG_WARN_SUSPICIOUS_MOVE = YES;
				CLANG_WARN_UNGUARDED_AVAILABILITY = YES_AGGRESSIVE;
				CLANG_WARN_UNREACHABLE_CODE = YES;
				CLANG_WARN__DUPLICATE_METHOD_MATCH = YES;
				CODE_SIGN_IDENTITY = "iPhone Developer";
				COPY_PHASE_STRIP = NO;
				DEBUG_INFORMATION_FORMAT = dwarf;
				ENABLE_STRICT_OBJC_MSGSEND = YES;
				ENABLE_TESTABILITY = YES;
				GCC_C_LANGUAGE_STANDARD = gnu11;
				GCC_DYNAMIC_NO_PIC = NO;
				GCC_NO_COMMON_BLOCKS = YES;
				GCC_OPTIMIZATION_LEVEL = 0;
				GCC_PREPROCESSOR_DEFINITIONS = (
					"DEBUG=1",
					"$(inherited)",
				);
				GCC_WARN_64_TO_32_BIT_CONVERSION = YES;
				GCC_WARN_ABOUT_RETURN_TYPE = YES_ERROR;
				GCC_WARN_UNDECLARED_SELECTOR = YES;
				GCC_WARN_UNINITIALIZED_AUTOS = YES_AGGRESSIVE;
				GCC_WARN_UNUSED_FUNCTION = YES;
				GCC_WARN_UNUSED_VARIABLE = YES;
				IPHONEOS_DEPLOYMENT_TARGET = 11.0;
				MTL_ENABLE_DEBUG_INFO = YES;
				ONLY_ACTIVE_ARCH = YES;
				SDKROOT = iphoneos;
				SWIFT_ACTIVE_COMPILATION_CONDITIONS = DEBUG;
				SWIFT_OPTIMIZATION_LEVEL = "-Onone";
			};
			name = Debug;
		};
		1521D8AA1F8BF40A00105C17 /* Release */ = {
			isa = XCBuildConfiguration;
			buildSettings = {
				ALWAYS_EMBED_SWIFT_STANDARD_LIBRARIES = "$(inherited)";
				ALWAYS_SEARCH_USER_PATHS = NO;
				CLANG_ANALYZER_NONNULL = YES;
				CLANG_ANALYZER_NUMBER_OBJECT_CONVERSION = YES_AGGRESSIVE;
				CLANG_CXX_LANGUAGE_STANDARD = "gnu++14";
				CLANG_CXX_LIBRARY = "libc++";
				CLANG_ENABLE_MODULES = YES;
				CLANG_ENABLE_OBJC_ARC = YES;
				CLANG_WARN_BLOCK_CAPTURE_AUTORELEASING = YES;
				CLANG_WARN_BOOL_CONVERSION = YES;
				CLANG_WARN_COMMA = YES;
				CLANG_WARN_CONSTANT_CONVERSION = YES;
				CLANG_WARN_DEPRECATED_OBJC_IMPLEMENTATIONS = YES;
				CLANG_WARN_DIRECT_OBJC_ISA_USAGE = YES_ERROR;
				CLANG_WARN_DOCUMENTATION_COMMENTS = YES;
				CLANG_WARN_EMPTY_BODY = YES;
				CLANG_WARN_ENUM_CONVERSION = YES;
				CLANG_WARN_INFINITE_RECURSION = YES;
				CLANG_WARN_INT_CONVERSION = YES;
				CLANG_WARN_NON_LITERAL_NULL_CONVERSION = YES;
				CLANG_WARN_OBJC_IMPLICIT_RETAIN_SELF = YES;
				CLANG_WARN_OBJC_LITERAL_CONVERSION = YES;
				CLANG_WARN_OBJC_ROOT_CLASS = YES_ERROR;
				CLANG_WARN_RANGE_LOOP_ANALYSIS = YES;
				CLANG_WARN_STRICT_PROTOTYPES = YES;
				CLANG_WARN_SUSPICIOUS_MOVE = YES;
				CLANG_WARN_UNGUARDED_AVAILABILITY = YES_AGGRESSIVE;
				CLANG_WARN_UNREACHABLE_CODE = YES;
				CLANG_WARN__DUPLICATE_METHOD_MATCH = YES;
				CODE_SIGN_IDENTITY = "iPhone Developer";
				COPY_PHASE_STRIP = NO;
				DEBUG_INFORMATION_FORMAT = "dwarf-with-dsym";
				ENABLE_NS_ASSERTIONS = NO;
				ENABLE_STRICT_OBJC_MSGSEND = YES;
				GCC_C_LANGUAGE_STANDARD = gnu11;
				GCC_NO_COMMON_BLOCKS = YES;
				GCC_WARN_64_TO_32_BIT_CONVERSION = YES;
				GCC_WARN_ABOUT_RETURN_TYPE = YES_ERROR;
				GCC_WARN_UNDECLARED_SELECTOR = YES;
				GCC_WARN_UNINITIALIZED_AUTOS = YES_AGGRESSIVE;
				GCC_WARN_UNUSED_FUNCTION = YES;
				GCC_WARN_UNUSED_VARIABLE = YES;
				IPHONEOS_DEPLOYMENT_TARGET = 11.0;
				MTL_ENABLE_DEBUG_INFO = NO;
				SDKROOT = iphoneos;
				SWIFT_OPTIMIZATION_LEVEL = "-Owholemodule";
				VALIDATE_PRODUCT = YES;
			};
			name = Release;
		};
		1521D8AC1F8BF40A00105C17 /* Debug */ = {
			isa = XCBuildConfiguration;
			baseConfigurationReference = 37C7282D26FB43B4F6B74511 /* Pods-GoMoto.debug.xcconfig */;
			buildSettings = {
				ALWAYS_EMBED_SWIFT_STANDARD_LIBRARIES = "$(inherited)";
				ASSETCATALOG_COMPILER_APPICON_NAME = AppIcon;
				CODE_SIGN_ENTITLEMENTS = GoMoto/GoMoto.entitlements;
				CODE_SIGN_STYLE = Automatic;
				DEVELOPMENT_TEAM = 4WPNK427TB;
				FRAMEWORK_SEARCH_PATHS = (
					"$(inherited)",
					"$(PROJECT_DIR)",
				);
				INFOPLIST_FILE = "$(SRCROOT)/GoMoto/SupportingFiles/Info.plist";
				IPHONEOS_DEPLOYMENT_TARGET = 10.0;
				LD_RUNPATH_SEARCH_PATHS = "$(inherited) @executable_path/Frameworks";
				PRODUCT_BUNDLE_IDENTIFIER = com.yakis.GoMoto;
				PRODUCT_NAME = "$(TARGET_NAME)";
				SWIFT_VERSION = 4.0;
				TARGETED_DEVICE_FAMILY = "1,2";
			};
			name = Debug;
		};
		1521D8AD1F8BF40A00105C17 /* Release */ = {
			isa = XCBuildConfiguration;
			baseConfigurationReference = 1F1E609FA35768A1E6270880 /* Pods-GoMoto.release.xcconfig */;
			buildSettings = {
				ALWAYS_EMBED_SWIFT_STANDARD_LIBRARIES = "$(inherited)";
				ASSETCATALOG_COMPILER_APPICON_NAME = AppIcon;
				CODE_SIGN_ENTITLEMENTS = GoMoto/GoMoto.entitlements;
				CODE_SIGN_STYLE = Automatic;
				DEVELOPMENT_TEAM = 4WPNK427TB;
				FRAMEWORK_SEARCH_PATHS = (
					"$(inherited)",
					"$(PROJECT_DIR)",
				);
				INFOPLIST_FILE = "$(SRCROOT)/GoMoto/SupportingFiles/Info.plist";
				IPHONEOS_DEPLOYMENT_TARGET = 10.0;
				LD_RUNPATH_SEARCH_PATHS = "$(inherited) @executable_path/Frameworks";
				PRODUCT_BUNDLE_IDENTIFIER = com.yakis.GoMoto;
				PRODUCT_NAME = "$(TARGET_NAME)";
				SWIFT_VERSION = 4.0;
				TARGETED_DEVICE_FAMILY = "1,2";
			};
			name = Release;
		};
		159EF6A81FB610E500B1C0EE /* Debug */ = {
			isa = XCBuildConfiguration;
			baseConfigurationReference = 027145BEC1BBF8B3984037AB /* Pods-OneSignalNotificationServiceExtension.debug.xcconfig */;
			buildSettings = {
				CODE_SIGN_STYLE = Automatic;
				DEVELOPMENT_TEAM = 4WPNK427TB;
				INFOPLIST_FILE = OneSignalNotificationServiceExtension/Info.plist;
				IPHONEOS_DEPLOYMENT_TARGET = 10.0;
				LD_RUNPATH_SEARCH_PATHS = "$(inherited) @executable_path/Frameworks @executable_path/../../Frameworks";
				PRODUCT_BUNDLE_IDENTIFIER = com.yakis.GoMoto.OneSignalNotificationServiceExtension;
				PRODUCT_NAME = "$(TARGET_NAME)";
				SKIP_INSTALL = YES;
				SWIFT_VERSION = 4.0;
				TARGETED_DEVICE_FAMILY = "1,2";
			};
			name = Debug;
		};
		159EF6A91FB610E500B1C0EE /* Release */ = {
			isa = XCBuildConfiguration;
			baseConfigurationReference = A7F487D2F2B4ABE65383F199 /* Pods-OneSignalNotificationServiceExtension.release.xcconfig */;
			buildSettings = {
				CODE_SIGN_STYLE = Automatic;
				DEVELOPMENT_TEAM = 4WPNK427TB;
				INFOPLIST_FILE = OneSignalNotificationServiceExtension/Info.plist;
				IPHONEOS_DEPLOYMENT_TARGET = 10.0;
				LD_RUNPATH_SEARCH_PATHS = "$(inherited) @executable_path/Frameworks @executable_path/../../Frameworks";
				PRODUCT_BUNDLE_IDENTIFIER = com.yakis.GoMoto.OneSignalNotificationServiceExtension;
				PRODUCT_NAME = "$(TARGET_NAME)";
				SKIP_INSTALL = YES;
				SWIFT_VERSION = 4.0;
				TARGETED_DEVICE_FAMILY = "1,2";
			};
			name = Release;
		};
/* End XCBuildConfiguration section */

/* Begin XCConfigurationList section */
		1521D8941F8BF40A00105C17 /* Build configuration list for PBXProject "GoMoto" */ = {
			isa = XCConfigurationList;
			buildConfigurations = (
				1521D8A91F8BF40A00105C17 /* Debug */,
				1521D8AA1F8BF40A00105C17 /* Release */,
			);
			defaultConfigurationIsVisible = 0;
			defaultConfigurationName = Release;
		};
		1521D8AB1F8BF40A00105C17 /* Build configuration list for PBXNativeTarget "GoMoto" */ = {
			isa = XCConfigurationList;
			buildConfigurations = (
				1521D8AC1F8BF40A00105C17 /* Debug */,
				1521D8AD1F8BF40A00105C17 /* Release */,
			);
			defaultConfigurationIsVisible = 0;
			defaultConfigurationName = Release;
		};
		159EF6AA1FB610E500B1C0EE /* Build configuration list for PBXNativeTarget "OneSignalNotificationServiceExtension" */ = {
			isa = XCConfigurationList;
			buildConfigurations = (
				159EF6A81FB610E500B1C0EE /* Debug */,
				159EF6A91FB610E500B1C0EE /* Release */,
			);
			defaultConfigurationIsVisible = 0;
			defaultConfigurationName = Release;
		};
/* End XCConfigurationList section */
	};
	rootObject = 1521D8911F8BF40A00105C17 /* Project object */;
}
